<?xml version="1.0" encoding="utf-8"?>
<Project ToolsVersion="4.0" xmlns="http://schemas.microsoft.com/developer/msbuild/2003">
  <ItemGroup>
    <Filter Include="Inc">
      <UniqueIdentifier>{eac1488d-3e1a-4224-a625-aa227627e2b9}</UniqueIdentifier>
    </Filter>
    <Filter Include="Src">
      <UniqueIdentifier>{aa5227fb-ac2e-4010-9085-f28daab62988}</UniqueIdentifier>
    </Filter>
    <Filter Include="Src\Precompiled">
      <UniqueIdentifier>{cdddbcbb-028b-43e6-a46c-122970aed05b}</UniqueIdentifier>
    </Filter>
    <Filter Include="Inc\Datasets">
      <UniqueIdentifier>{c0529bb4-b7a6-4a91-b552-939d36d9cc76}</UniqueIdentifier>
    </Filter>
    <Filter Include="Inc\LinearModel">
      <UniqueIdentifier>{b30cdbd0-b1cf-4178-88b6-b2b3a0467219}</UniqueIdentifier>
    </Filter>
    <Filter Include="Src\Datasets">
      <UniqueIdentifier>{753835b3-d788-405f-ba35-b0fccbce2364}</UniqueIdentifier>
    </Filter>
    <Filter Include="Src\LinearModel">
      <UniqueIdentifier>{eec4548a-47b1-48db-bc01-47cfd5b1c796}</UniqueIdentifier>
    </Filter>
    <Filter Include="Inc\Cluster">
      <UniqueIdentifier>{e1e2a134-b2d3-4775-8fd3-d21e8d8eaa8a}</UniqueIdentifier>
    </Filter>
    <Filter Include="Src\Cluster">
      <UniqueIdentifier>{86a4d514-7735-4a0e-8bab-cde500590266}</UniqueIdentifier>
    </Filter>
    <Filter Include="Inc\ANN">
      <UniqueIdentifier>{296369ae-777b-4632-8f11-29cf16adf3e1}</UniqueIdentifier>
    </Filter>
    <Filter Include="Src\ANN">
      <UniqueIdentifier>{02475691-b9b2-4d37-8dbe-329872193eff}</UniqueIdentifier>
    </Filter>
    <Filter Include="Inc\GA">
      <UniqueIdentifier>{ad11b223-b9d6-4d12-a39a-6ed679dae5cd}</UniqueIdentifier>
    </Filter>
    <Filter Include="Src\GA">
      <UniqueIdentifier>{9dec81a6-8b7b-4ade-a724-5a9d31a9b18a}</UniqueIdentifier>
    </Filter>
    <Filter Include="Inc\NEAT">
      <UniqueIdentifier>{39d8cb52-4250-44da-9ce6-ddf6459474d2}</UniqueIdentifier>
    </Filter>
    <Filter Include="Src\NEAT">
      <UniqueIdentifier>{2dd3b7da-9958-4818-8791-2f7d979114f9}</UniqueIdentifier>
    </Filter>
  </ItemGroup>
  <ItemGroup>
    <ClInclude Include="Inc\ML.h">
      <Filter>Inc</Filter>
    </ClInclude>
    <ClInclude Include="Inc\Common.h">
      <Filter>Inc</Filter>
    </ClInclude>
    <ClInclude Include="Src\Precompiled.h">
      <Filter>Src\Precompiled</Filter>
    </ClInclude>
    <ClInclude Include="Inc\Datasets.h">
      <Filter>Inc\Datasets</Filter>
    </ClInclude>
    <ClInclude Include="Inc\LinearRegression.h">
      <Filter>Inc\LinearModel</Filter>
    </ClInclude>
    <ClInclude Include="Inc\LogisticRegression.h">
      <Filter>Inc\LinearModel</Filter>
    </ClInclude>
    <ClInclude Include="Inc\KMeans.h">
      <Filter>Inc\Cluster</Filter>
    </ClInclude>
    <ClInclude Include="Inc\NeuralNetwork.h">
      <Filter>Inc\ANN</Filter>
    </ClInclude>
    <ClInclude Include="Inc\GeneticAlgorithm.h">
      <Filter>Inc\GA</Filter>
    </ClInclude>
    <ClInclude Include="Inc\Config.h">
      <Filter>Inc\NEAT</Filter>
    </ClInclude>
    <ClInclude Include="Inc\Genome.h">
      <Filter>Inc\NEAT</Filter>
    </ClInclude>
    <ClInclude Include="Inc\InnovationContainer.h">
      <Filter>Inc\NEAT</Filter>
    </ClInclude>
    <ClInclude Include="Inc\NeuralNet.h">
      <Filter>Inc\NEAT</Filter>
    </ClInclude>
    <ClInclude Include="Inc\Population.h">
      <Filter>Inc\NEAT</Filter>
    </ClInclude>
    <ClInclude Include="Inc\Species.h">
      <Filter>Inc\NEAT</Filter>
    </ClInclude>
  </ItemGroup>
  <ItemGroup>
    <ClCompile Include="Src\Precompiled.cpp">
      <Filter>Src\Precompiled</Filter>
    </ClCompile>
    <ClCompile Include="Src\Datasets.cpp">
      <Filter>Src\Datasets</Filter>
    </ClCompile>
    <ClCompile Include="Src\LinearRegression.cpp">
      <Filter>Src\LinearModel</Filter>
    </ClCompile>
    <ClCompile Include="Src\LogisticRegression.cpp">
      <Filter>Src\LinearModel</Filter>
    </ClCompile>
    <ClCompile Include="Src\KMeans.cpp">
      <Filter>Src\Cluster</Filter>
    </ClCompile>
    <ClCompile Include="Src\NeuralNetwork.cpp">
      <Filter>Src\ANN</Filter>
    </ClCompile>
    <ClCompile Include="Src\GeneticAlgorithm.cpp">
      <Filter>Src\GA</Filter>
    </ClCompile>
    <ClCompile Include="Src\Population.cpp">
      <Filter>Src\NEAT</Filter>
    </ClCompile>
  </ItemGroup>
</Project>