<?xml version="1.0" encoding="utf-8"?>
<Project ToolsVersion="4.0" xmlns="http://schemas.microsoft.com/developer/msbuild/2003">
  <ItemGroup>
    <Filter Include="Components">
      <UniqueIdentifier>{8aedec0f-77b1-4eea-87c9-2b8c636f1b39}</UniqueIdentifier>
    </Filter>
    <Filter Include="Services">
      <UniqueIdentifier>{47918a13-8229-46c3-b87b-d105445154ea}</UniqueIdentifier>
    </Filter>
    <Filter Include="Game">
      <UniqueIdentifier>{2dd4d766-6a3a-4c5d-826c-6841820d0002}</UniqueIdentifier>
    </Filter>
  </ItemGroup>
  <ItemGroup>
    <ClInclude Include="Enums.h" />
    <ClInclude Include="TypeIds.h" />
    <ClInclude Include="GameState.h">
      <Filter>Game</Filter>
    </ClInclude>
  </ItemGroup>
  <ItemGroup>
    <ClCompile Include="WinMain.cpp">
      <Filter>Game</Filter>
    </ClCompile>
    <ClCompile Include="GameState.cpp">
      <Filter>Game</Filter>
    </ClCompile>
  </ItemGroup>
</Project>