<?xml version="1.0" encoding="utf-8"?>
<Project ToolsVersion="4.0" xmlns="http://schemas.microsoft.com/developer/msbuild/2003">
  <ItemGroup>
    <ClCompile Include="GameState.cpp" />
    <ClCompile Include="WinMain.cpp" />
    <ClCompile Include="TileMapService.cpp">
      <Filter>Services</Filter>
    </ClCompile>
  </ItemGroup>
  <ItemGroup>
    <ClInclude Include="GameState.h" />
    <ClInclude Include="TypeIds.h" />
    <ClInclude Include="TileMapService.h">
      <Filter>Services</Filter>
    </ClInclude>
  </ItemGroup>
  <ItemGroup>
    <Filter Include="Services">
      <UniqueIdentifier>{dcc2414e-0855-4439-9131-d637bdf6a4a0}</UniqueIdentifier>
    </Filter>
    <Filter Include="Map">
      <UniqueIdentifier>{55f836a1-db1c-4539-a47e-46ba5dc6eed4}</UniqueIdentifier>
    </Filter>
  </ItemGroup>
  <ItemGroup>
    <Text Include="tiles.txt">
      <Filter>Map</Filter>
    </Text>
    <Text Include="map.txt">
      <Filter>Map</Filter>
    </Text>
    <Text Include="flipmap.txt">
      <Filter>Map</Filter>
    </Text>
    <Text Include="pivotmap.txt">
      <Filter>Map</Filter>
    </Text>
  </ItemGroup>
</Project>