
Microsoft Visual Studio Solution File, Format Version 12.00
# Visual Studio Version 17
VisualStudioVersion = 17.3.32819.101
MinimumVisualStudioVersion = 10.0.40219.1
Project("{2150E333-8FDC-42A3-9474-1A3956D46DE8}") = "Engine", "Engine", "{D3847760-CCB4-4EC7-8415-620CAC5AC48D}"
EndProject
Project("{2150E333-8FDC-42A3-9474-1A3956D46DE8}") = "Framework", "Framework", "{743C8115-2B75-4778-AD34-ABAAB1D299E3}"
EndProject
Project("{2150E333-8FDC-42A3-9474-1A3956D46DE8}") = "VGP242", "VGP242", "{121F5A9D-9226-4A6B-8F66-6132209DD4B4}"
EndProject
Project("{8BC9CEB8-8B4A-11D0-8D11-00A0C91BC942}") = "Core", "Framework\Core\Core.vcxproj", "{8729ACC6-DAC0-4D68-9C96-3B9FE71611C9}"
EndProject
Project("{8BC9CEB8-8B4A-11D0-8D11-00A0C91BC942}") = "HelloWorld", "VGP242\HelloWorld\HelloWorld.vcxproj", "{19AA6610-CC34-4B2C-9CF3-CF2502901F07}"
EndProject
Project("{8BC9CEB8-8B4A-11D0-8D11-00A0C91BC942}") = "Math", "Framework\Math\Math.vcxproj", "{6C840EB3-B863-407E-A551-366E0E1BB5BF}"
EndProject
Project("{2150E333-8FDC-42A3-9474-1A3956D46DE8}") = "UnitTests", "UnitTests", "{D7FE4624-3703-41E0-8586-702E9F74B8FD}"
EndProject
Project("{8BC9CEB8-8B4A-11D0-8D11-00A0C91BC942}") = "MathTest", "UnitTests\MathTest\MathTest.vcxproj", "{EC902E62-2830-4A65-A9E8-A6F525DCF0A8}"
EndProject
Project("{8BC9CEB8-8B4A-11D0-8D11-00A0C91BC942}") = "01_HelloWindow", "VGP242\01_HelloWindow\01_HelloWindow.vcxproj", "{F882AAB9-4D8B-4867-B5F9-CCD6A145095F}"
EndProject
Project("{8BC9CEB8-8B4A-11D0-8D11-00A0C91BC942}") = "SAGE", "Engine\SAGE\SAGE.vcxproj", "{31CF8178-8C13-48E1-9807-4FA6B00243CD}"
EndProject
Project("{8BC9CEB8-8B4A-11D0-8D11-00A0C91BC942}") = "Graphics", "Framework\Graphics\Graphics.vcxproj", "{6D757BDD-5D81-4AF5-B761-67C06FF33880}"
EndProject
Project("{8BC9CEB8-8B4A-11D0-8D11-00A0C91BC942}") = "02_HelloDirectX", "VGP242\02_HelloDirectX\02_HelloDirectX.vcxproj", "{D30E9CB2-594C-4EFC-B138-A31BFC55C864}"
EndProject
Project("{8BC9CEB8-8B4A-11D0-8D11-00A0C91BC942}") = "03_HelloTriangle", "VGP242\03_HelloTriangle\03_HelloTriangle.vcxproj", "{2C647C4C-FB18-4489-B056-EEA8F3513555}"
EndProject
Project("{2150E333-8FDC-42A3-9474-1A3956D46DE8}") = "Assets", "Assets", "{5B129719-F770-4750-AE36-22C8B5A26D8E}"
EndProject
Project("{2150E333-8FDC-42A3-9474-1A3956D46DE8}") = "Shaders", "Shaders", "{A64BD2BB-4ADD-45CF-A8B7-30778E9B71CD}"
	ProjectSection(SolutionItems) = preProject
		Assets\Shaders\CrossHatchShader.fx = Assets\Shaders\CrossHatchShader.fx
		Assets\Shaders\DoNothing.fx = Assets\Shaders\DoNothing.fx
		Assets\Shaders\DoSomething.fx = Assets\Shaders\DoSomething.fx
		Assets\Shaders\DoTexturing.fx = Assets\Shaders\DoTexturing.fx
		Assets\Shaders\DoTransform.fx = Assets\Shaders\DoTransform.fx
		Assets\Shaders\EarthShader.fx = Assets\Shaders\EarthShader.fx
		Assets\Shaders\GaussianBlur.fx = Assets\Shaders\GaussianBlur.fx
		Assets\Shaders\HologramShader.fx = Assets\Shaders\HologramShader.fx
		Assets\Shaders\Particles.fx = Assets\Shaders\Particles.fx
		Assets\Shaders\PostProcess.fx = Assets\Shaders\PostProcess.fx
		Assets\Shaders\Reflection.fx = Assets\Shaders\Reflection.fx
		Assets\Shaders\Shadow.fx = Assets\Shaders\Shadow.fx
		Assets\Shaders\SimpleDraw.fx = Assets\Shaders\SimpleDraw.fx
		Assets\Shaders\Standard.fx = Assets\Shaders\Standard.fx
		Assets\Shaders\Terrain.fx = Assets\Shaders\Terrain.fx
		Assets\Shaders\Texturing.fx = Assets\Shaders\Texturing.fx
		Assets\Shaders\ToonShader.fx = Assets\Shaders\ToonShader.fx
		Assets\Shaders\VoxelClouds.fx = Assets\Shaders\VoxelClouds.fx
		Assets\Shaders\VoxelTerrain.fx = Assets\Shaders\VoxelTerrain.fx
		Assets\Shaders\VoxelWater.fx = Assets\Shaders\VoxelWater.fx
	EndProjectSection
EndProject
Project("{8BC9CEB8-8B4A-11D0-8D11-00A0C91BC942}") = "04_HelloShapes", "VGP242\04_HelloShapes\04_HelloShapes.vcxproj", "{408FB924-D8CB-43F4-9A47-2D01EB6929E0}"
EndProject
Project("{8BC9CEB8-8B4A-11D0-8D11-00A0C91BC942}") = "Input", "Framework\Input\Input.vcxproj", "{3629F01A-6FED-42EB-B308-E9F7F1346EAF}"
EndProject
Project("{2150E333-8FDC-42A3-9474-1A3956D46DE8}") = "External", "External", "{A18C2188-3601-4749-9950-809D946B8520}"
EndProject
Project("{8BC9CEB8-8B4A-11D0-8D11-00A0C91BC942}") = "DirectXTK_Desktop_2019", "External\DirectXTK\DirectXTK_Desktop_2019.vcxproj", "{E0B52AE7-E160-4D32-BF3F-910B785E5A8E}"
EndProject
Project("{8BC9CEB8-8B4A-11D0-8D11-00A0C91BC942}") = "05_HelloCube", "VGP242\05_HelloCube\05_HelloCube.vcxproj", "{6EE3B5AA-5702-45DA-A6F8-E60A1F74167A}"
EndProject
Project("{8BC9CEB8-8B4A-11D0-8D11-00A0C91BC942}") = "06_HelloMesh", "VGP242\06_HelloMesh\06_HelloMesh.vcxproj", "{147BBE52-A824-4178-B990-65A14EB95A03}"
EndProject
Project("{8BC9CEB8-8B4A-11D0-8D11-00A0C91BC942}") = "VGP242_Final", "VGP242\VGP242_Final\VGP242_Final.vcxproj", "{6868D1B6-D79A-40BD-A43C-C27002FA8E1F}"
EndProject
Project("{8BC9CEB8-8B4A-11D0-8D11-00A0C91BC942}") = "06_HelloSimpleDraw", "VGP242\06_HelloSimpleDraw\06_HelloSimpleDraw.vcxproj", "{1B4FBCCC-8597-4DD1-9386-8BEB3406A5E8}"
EndProject
Project("{8BC9CEB8-8B4A-11D0-8D11-00A0C91BC942}") = "ImGui", "External\ImGui\ImGui.vcxproj", "{1FAB93C6-8FDB-4326-8035-5FD04C049F4E}"
EndProject
Project("{2150E333-8FDC-42A3-9474-1A3956D46DE8}") = "VGP330", "VGP330", "{88EB61AC-1D26-424E-839A-AED33A2A8BEF}"
EndProject
Project("{8BC9CEB8-8B4A-11D0-8D11-00A0C91BC942}") = "07_HelloLighting", "VGP330\07_HelloLighting\07_HelloLighting.vcxproj", "{A18FAA7A-1F8A-4AA3-BA7F-C8B6874966C6}"
EndProject
Project("{8BC9CEB8-8B4A-11D0-8D11-00A0C91BC942}") = "08_HelloEarth", "VGP330\08_HelloEarth\08_HelloEarth.vcxproj", "{262EDDEB-FFF7-457F-9BBD-E5B040BF7CF7}"
EndProject
Project("{8BC9CEB8-8B4A-11D0-8D11-00A0C91BC942}") = "09_HelloPostProcessing", "VGP330\09_HelloPostProcessing\09_HelloPostProcessing.vcxproj", "{83057423-4C3A-4F5E-957D-F9F9CBA40EA4}"
EndProject
Project("{8BC9CEB8-8B4A-11D0-8D11-00A0C91BC942}") = "10_HelloBloom", "VGP330\10_HelloBloom\10_HelloBloom.vcxproj", "{765FEA09-5782-4B46-8AA0-27CB21AED160}"
EndProject
Project("{8BC9CEB8-8B4A-11D0-8D11-00A0C91BC942}") = "11_HelloShadow", "VGP330\11_HelloShadow\11_HelloShadow.vcxproj", "{EB97D424-7D31-42C2-9839-0D0D777757AE}"
EndProject
Project("{2150E333-8FDC-42A3-9474-1A3956D46DE8}") = "Tools", "Tools", "{6AADFEB4-B4C6-4DA1-A5DD-CDAE4B4134EC}"
EndProject
Project("{8BC9CEB8-8B4A-11D0-8D11-00A0C91BC942}") = "ModelImporter", "Tools\ModelImporter\ModelImporter.vcxproj", "{E42B5EEF-7EE2-4539-B722-52A06F14C51C}"
EndProject
Project("{8BC9CEB8-8B4A-11D0-8D11-00A0C91BC942}") = "VGP330_Final", "VGP330\VGP330_Final\VGP330_Final.vcxproj", "{AB905BAD-8F6B-41E1-BA0B-8433BC8DB356}"
EndProject
Project("{8BC9CEB8-8B4A-11D0-8D11-00A0C91BC942}") = "12_Hello_ToonShading", "VGP330\12_Hello_ToonShading\12_Hello_ToonShading.vcxproj", "{BC852822-E8B9-412A-90A2-D757610DA120}"
EndProject
Project("{8BC9CEB8-8B4A-11D0-8D11-00A0C91BC942}") = "13_HelloCrossHatch", "VGP330\13_HelloCrossHatch\13_HelloCrossHatch.vcxproj", "{8D9D76C5-D8B2-4038-8502-1EE8F52A7A2F}"
EndProject
Project("{2150E333-8FDC-42A3-9474-1A3956D46DE8}") = "VGP334", "VGP334", "{41C46CC0-A2D8-4ABD-920A-83FF64B03D6F}"
EndProject
Project("{8BC9CEB8-8B4A-11D0-8D11-00A0C91BC942}") = "14_HelloAnimation", "VGP334\14_HelloAnimation\14_HelloAnimation.vcxproj", "{3CCE432C-5379-42F3-94D3-DD6BBDF7B5F7}"
EndProject
Project("{8BC9CEB8-8B4A-11D0-8D11-00A0C91BC942}") = "15_HelloModel", "VGP334\15_HelloModel\15_HelloModel.vcxproj", "{E6FDE579-6750-4365-8B6A-7776EF1E505D}"
EndProject
Project("{8BC9CEB8-8B4A-11D0-8D11-00A0C91BC942}") = "Physics", "Framework\Physics\Physics.vcxproj", "{D337A0E9-1D98-469B-9297-B18E401C8E54}"
EndProject
Project("{8BC9CEB8-8B4A-11D0-8D11-00A0C91BC942}") = "16_HelloPhysics", "VGP334\16_HelloPhysics\16_HelloPhysics.vcxproj", "{F8E1A9BC-B2E8-4EEE-BD28-5CFADF9C17EA}"
EndProject
Project("{8BC9CEB8-8B4A-11D0-8D11-00A0C91BC942}") = "CoreTest", "UnitTests\CoreTest\CoreTest.vcxproj", "{7B437E9C-E227-400B-80DA-8B3FC6837868}"
EndProject
Project("{2150E333-8FDC-42A3-9474-1A3956D46DE8}") = "Templates", "Templates", "{1996BA5E-CA20-4255-93A8-C97D9E5110E4}"
	ProjectSection(SolutionItems) = preProject
		Assets\Templates\cube.json = Assets\Templates\cube.json
		Assets\Templates\cube2.json = Assets\Templates\cube2.json
		Assets\Templates\follow_camera.json = Assets\Templates\follow_camera.json
		Assets\Templates\fps_camera.json = Assets\Templates\fps_camera.json
		Assets\Templates\mutant.json = Assets\Templates\mutant.json
		Assets\Templates\player.json = Assets\Templates\player.json
		Assets\Templates\spawner.json = Assets\Templates\spawner.json
		Assets\Templates\test.json = Assets\Templates\test.json
		Assets\Templates\test_player.json = Assets\Templates\test_player.json
		Assets\Templates\VoxelPig.json = Assets\Templates\VoxelPig.json
		Assets\Templates\VoxelPlayer.json = Assets\Templates\VoxelPlayer.json
	EndProjectSection
EndProject
Project("{2150E333-8FDC-42A3-9474-1A3956D46DE8}") = "VGP336", "VGP336", "{EA4F8682-DF97-40A6-B26D-F1FD74D2AC77}"
EndProject
Project("{8BC9CEB8-8B4A-11D0-8D11-00A0C91BC942}") = "TestGame", "VGP336\TestGame\TestGame.vcxproj", "{BEC40B4F-7CEB-4255-AF44-00FDE65E1E9A}"
EndProject
Project("{FAE04EC0-301F-11D3-BF4B-00C04F79EFBC}") = "SpriteSheetEditor", "Tools\SpriteSheetEditor\SpriteSheetEditor.csproj", "{ABDCC1A4-0AE2-4D8B-A809-CDB0295608D4}"
EndProject
Project("{FAE04EC0-301F-11D3-BF4B-00C04F79EFBC}") = "CharacterGenerator", "Tools\CharacterGenerator\CharacterGenerator.csproj", "{5BE4CC60-2D5D-4F68-AF7E-61ADBD5A1B9B}"
EndProject
Project("{2150E333-8FDC-42A3-9474-1A3956D46DE8}") = "Apps", "Apps", "{FC821FF4-AD08-44EE-B20C-6E1E001C600E}"
EndProject
Project("{8BC9CEB8-8B4A-11D0-8D11-00A0C91BC942}") = "DingySpirits", "Apps\DingySpirits\DingySpirits.vcxproj", "{6D129F5D-6F9F-4A4D-8D50-14FC4424A3CF}"
EndProject
Project("{2150E333-8FDC-42A3-9474-1A3956D46DE8}") = "Level", "Level", "{DFEE8655-98E1-41A4-9DF3-C3B7351FC037}"
	ProjectSection(SolutionItems) = preProject
		Assets\Level\test_level.json = Assets\Level\test_level.json
		Assets\Level\voxel_level.json = Assets\Level\voxel_level.json
	EndProjectSection
EndProject
Project("{8BC9CEB8-8B4A-11D0-8D11-00A0C91BC942}") = "ProjectVoxel", "Apps\ProjectVoxel\ProjectVoxel.vcxproj", "{424DD30D-5745-4F02-B54E-D9CE188E5E3E}"
EndProject
Project("{8BC9CEB8-8B4A-11D0-8D11-00A0C91BC942}") = "DirectXTKAudio_Desktop_2019_Win8", "External\DirectXTK\Audio\DirectXTKAudio_Desktop_2019_Win8.vcxproj", "{4F150A30-CECB-49D1-8283-6A3F57438CF5}"
EndProject
Project("{8BC9CEB8-8B4A-11D0-8D11-00A0C91BC942}") = "FW1FontWrapper", "External\FW1FontWrapper\FW1FontWrapper.vcxproj", "{0D034612-14E2-44E7-993A-72344A2CA7BD}"
EndProject
Project("{8BC9CEB8-8B4A-11D0-8D11-00A0C91BC942}") = "AI", "Framework\AI\AI.vcxproj", "{3A6CD03A-98E2-4114-902F-9CCD934BEA6A}"
EndProject
Project("{8BC9CEB8-8B4A-11D0-8D11-00A0C91BC942}") = "17_HelloCollision", "VGP334\17_HelloCollision\17_HelloCollision.vcxproj", "{FFDBFC29-C80A-44D6-86AB-526F392C20F2}"
EndProject
Project("{8BC9CEB8-8B4A-11D0-8D11-00A0C91BC942}") = "18_HelloReflection", "VGP334\18_HelloReflection\18_HelloReflection.vcxproj", "{81CBB51B-20FE-4203-99D9-930DC886E91A}"
EndProject
Project("{8BC9CEB8-8B4A-11D0-8D11-00A0C91BC942}") = "19_HelloParticles", "VGP334\19_HelloParticles\19_HelloParticles.vcxproj", "{AC930126-849E-4014-9C8D-D5ABA8C61E02}"
EndProject
Project("{8BC9CEB8-8B4A-11D0-8D11-00A0C91BC942}") = "20_HelloWaveFunctionCollapse", "VGP336\20_HelloWaveFunctionCollapse\20_HelloWaveFunctionCollapse.vcxproj", "{D794ABAB-F1FE-4BF7-ABB6-A8DE9785B600}"
EndProject
Project("{8BC9CEB8-8B4A-11D0-8D11-00A0C91BC942}") = "Coroutine", "Framework\Coroutine\Coroutine.vcxproj", "{90E08840-2B93-4C43-B366-F0EC8836A8F9}"
EndProject
Project("{8BC9CEB8-8B4A-11D0-8D11-00A0C91BC942}") = "Bullet", "External\Bullet\Bullet.vcxproj", "{516192EB-788A-4FE7-B2B7-2EF9AC036B12}"
EndProject
Project("{8BC9CEB8-8B4A-11D0-8D11-00A0C91BC942}") = "21_HelloBulletPhysics", "VGP336\21_HelloBulletPhysics\21_HelloBulletPhysics.vcxproj", "{7867102F-E12A-4E73-8F51-47128D280533}"
EndProject
Project("{FAE04EC0-301F-11D3-BF4B-00C04F79EFBC}") = "OfflineConverter", "Tools\OfflineConverter\OfflineConverter.csproj", "{F26DA2B1-E855-4080-BB96-5D5BE753FCC0}"
EndProject
Project("{8BC9CEB8-8B4A-11D0-8D11-00A0C91BC942}") = "ML", "Framework\ML\ML.vcxproj", "{C72AA0CE-F191-4934-8CC4-3045EFFD9946}"
EndProject
Global
	GlobalSection(SolutionConfigurationPlatforms) = preSolution
		Debug|Any CPU = Debug|Any CPU
		Debug|x64 = Debug|x64
		Debug|x86 = Debug|x86
		Release|Any CPU = Release|Any CPU
		Release|x64 = Release|x64
		Release|x86 = Release|x86
	EndGlobalSection
	GlobalSection(ProjectConfigurationPlatforms) = postSolution
		{8729ACC6-DAC0-4D68-9C96-3B9FE71611C9}.Debug|Any CPU.ActiveCfg = Debug|x64
		{8729ACC6-DAC0-4D68-9C96-3B9FE71611C9}.Debug|Any CPU.Build.0 = Debug|x64
		{8729ACC6-DAC0-4D68-9C96-3B9FE71611C9}.Debug|x64.ActiveCfg = Debug|x64
		{8729ACC6-DAC0-4D68-9C96-3B9FE71611C9}.Debug|x64.Build.0 = Debug|x64
		{8729ACC6-DAC0-4D68-9C96-3B9FE71611C9}.Debug|x86.ActiveCfg = Debug|Win32
		{8729ACC6-DAC0-4D68-9C96-3B9FE71611C9}.Debug|x86.Build.0 = Debug|Win32
		{8729ACC6-DAC0-4D68-9C96-3B9FE71611C9}.Release|Any CPU.ActiveCfg = Release|x64
		{8729ACC6-DAC0-4D68-9C96-3B9FE71611C9}.Release|Any CPU.Build.0 = Release|x64
		{8729ACC6-DAC0-4D68-9C96-3B9FE71611C9}.Release|x64.ActiveCfg = Release|x64
		{8729ACC6-DAC0-4D68-9C96-3B9FE71611C9}.Release|x64.Build.0 = Release|x64
		{8729ACC6-DAC0-4D68-9C96-3B9FE71611C9}.Release|x86.ActiveCfg = Release|Win32
		{8729ACC6-DAC0-4D68-9C96-3B9FE71611C9}.Release|x86.Build.0 = Release|Win32
		{19AA6610-CC34-4B2C-9CF3-CF2502901F07}.Debug|Any CPU.ActiveCfg = Debug|x64
		{19AA6610-CC34-4B2C-9CF3-CF2502901F07}.Debug|Any CPU.Build.0 = Debug|x64
		{19AA6610-CC34-4B2C-9CF3-CF2502901F07}.Debug|x64.ActiveCfg = Debug|x64
		{19AA6610-CC34-4B2C-9CF3-CF2502901F07}.Debug|x64.Build.0 = Debug|x64
		{19AA6610-CC34-4B2C-9CF3-CF2502901F07}.Debug|x86.ActiveCfg = Debug|Win32
		{19AA6610-CC34-4B2C-9CF3-CF2502901F07}.Debug|x86.Build.0 = Debug|Win32
		{19AA6610-CC34-4B2C-9CF3-CF2502901F07}.Release|Any CPU.ActiveCfg = Release|x64
		{19AA6610-CC34-4B2C-9CF3-CF2502901F07}.Release|Any CPU.Build.0 = Release|x64
		{19AA6610-CC34-4B2C-9CF3-CF2502901F07}.Release|x64.ActiveCfg = Release|x64
		{19AA6610-CC34-4B2C-9CF3-CF2502901F07}.Release|x64.Build.0 = Release|x64
		{19AA6610-CC34-4B2C-9CF3-CF2502901F07}.Release|x86.ActiveCfg = Release|Win32
		{19AA6610-CC34-4B2C-9CF3-CF2502901F07}.Release|x86.Build.0 = Release|Win32
		{6C840EB3-B863-407E-A551-366E0E1BB5BF}.Debug|Any CPU.ActiveCfg = Debug|x64
		{6C840EB3-B863-407E-A551-366E0E1BB5BF}.Debug|Any CPU.Build.0 = Debug|x64
		{6C840EB3-B863-407E-A551-366E0E1BB5BF}.Debug|x64.ActiveCfg = Debug|x64
		{6C840EB3-B863-407E-A551-366E0E1BB5BF}.Debug|x64.Build.0 = Debug|x64
		{6C840EB3-B863-407E-A551-366E0E1BB5BF}.Debug|x86.ActiveCfg = Debug|Win32
		{6C840EB3-B863-407E-A551-366E0E1BB5BF}.Debug|x86.Build.0 = Debug|Win32
		{6C840EB3-B863-407E-A551-366E0E1BB5BF}.Release|Any CPU.ActiveCfg = Release|x64
		{6C840EB3-B863-407E-A551-366E0E1BB5BF}.Release|Any CPU.Build.0 = Release|x64
		{6C840EB3-B863-407E-A551-366E0E1BB5BF}.Release|x64.ActiveCfg = Release|x64
		{6C840EB3-B863-407E-A551-366E0E1BB5BF}.Release|x64.Build.0 = Release|x64
		{6C840EB3-B863-407E-A551-366E0E1BB5BF}.Release|x86.ActiveCfg = Release|Win32
		{6C840EB3-B863-407E-A551-366E0E1BB5BF}.Release|x86.Build.0 = Release|Win32
		{EC902E62-2830-4A65-A9E8-A6F525DCF0A8}.Debug|Any CPU.ActiveCfg = Debug|x64
		{EC902E62-2830-4A65-A9E8-A6F525DCF0A8}.Debug|Any CPU.Build.0 = Debug|x64
		{EC902E62-2830-4A65-A9E8-A6F525DCF0A8}.Debug|x64.ActiveCfg = Debug|x64
		{EC902E62-2830-4A65-A9E8-A6F525DCF0A8}.Debug|x64.Build.0 = Debug|x64
		{EC902E62-2830-4A65-A9E8-A6F525DCF0A8}.Debug|x86.ActiveCfg = Debug|Win32
		{EC902E62-2830-4A65-A9E8-A6F525DCF0A8}.Debug|x86.Build.0 = Debug|Win32
		{EC902E62-2830-4A65-A9E8-A6F525DCF0A8}.Release|Any CPU.ActiveCfg = Release|x64
		{EC902E62-2830-4A65-A9E8-A6F525DCF0A8}.Release|Any CPU.Build.0 = Release|x64
		{EC902E62-2830-4A65-A9E8-A6F525DCF0A8}.Release|x64.ActiveCfg = Release|x64
		{EC902E62-2830-4A65-A9E8-A6F525DCF0A8}.Release|x64.Build.0 = Release|x64
		{EC902E62-2830-4A65-A9E8-A6F525DCF0A8}.Release|x86.ActiveCfg = Release|Win32
		{EC902E62-2830-4A65-A9E8-A6F525DCF0A8}.Release|x86.Build.0 = Release|Win32
		{F882AAB9-4D8B-4867-B5F9-CCD6A145095F}.Debug|Any CPU.ActiveCfg = Debug|x64
		{F882AAB9-4D8B-4867-B5F9-CCD6A145095F}.Debug|Any CPU.Build.0 = Debug|x64
		{F882AAB9-4D8B-4867-B5F9-CCD6A145095F}.Debug|x64.ActiveCfg = Debug|x64
		{F882AAB9-4D8B-4867-B5F9-CCD6A145095F}.Debug|x64.Build.0 = Debug|x64
		{F882AAB9-4D8B-4867-B5F9-CCD6A145095F}.Debug|x86.ActiveCfg = Debug|Win32
		{F882AAB9-4D8B-4867-B5F9-CCD6A145095F}.Debug|x86.Build.0 = Debug|Win32
		{F882AAB9-4D8B-4867-B5F9-CCD6A145095F}.Release|Any CPU.ActiveCfg = Release|x64
		{F882AAB9-4D8B-4867-B5F9-CCD6A145095F}.Release|Any CPU.Build.0 = Release|x64
		{F882AAB9-4D8B-4867-B5F9-CCD6A145095F}.Release|x64.ActiveCfg = Release|x64
		{F882AAB9-4D8B-4867-B5F9-CCD6A145095F}.Release|x64.Build.0 = Release|x64
		{F882AAB9-4D8B-4867-B5F9-CCD6A145095F}.Release|x86.ActiveCfg = Release|Win32
		{F882AAB9-4D8B-4867-B5F9-CCD6A145095F}.Release|x86.Build.0 = Release|Win32
		{31CF8178-8C13-48E1-9807-4FA6B00243CD}.Debug|Any CPU.ActiveCfg = Debug|x64
		{31CF8178-8C13-48E1-9807-4FA6B00243CD}.Debug|Any CPU.Build.0 = Debug|x64
		{31CF8178-8C13-48E1-9807-4FA6B00243CD}.Debug|x64.ActiveCfg = Debug|x64
		{31CF8178-8C13-48E1-9807-4FA6B00243CD}.Debug|x64.Build.0 = Debug|x64
		{31CF8178-8C13-48E1-9807-4FA6B00243CD}.Debug|x86.ActiveCfg = Debug|Win32
		{31CF8178-8C13-48E1-9807-4FA6B00243CD}.Debug|x86.Build.0 = Debug|Win32
		{31CF8178-8C13-48E1-9807-4FA6B00243CD}.Release|Any CPU.ActiveCfg = Release|x64
		{31CF8178-8C13-48E1-9807-4FA6B00243CD}.Release|Any CPU.Build.0 = Release|x64
		{31CF8178-8C13-48E1-9807-4FA6B00243CD}.Release|x64.ActiveCfg = Release|x64
		{31CF8178-8C13-48E1-9807-4FA6B00243CD}.Release|x64.Build.0 = Release|x64
		{31CF8178-8C13-48E1-9807-4FA6B00243CD}.Release|x86.ActiveCfg = Release|Win32
		{31CF8178-8C13-48E1-9807-4FA6B00243CD}.Release|x86.Build.0 = Release|Win32
		{6D757BDD-5D81-4AF5-B761-67C06FF33880}.Debug|Any CPU.ActiveCfg = Debug|x64
		{6D757BDD-5D81-4AF5-B761-67C06FF33880}.Debug|Any CPU.Build.0 = Debug|x64
		{6D757BDD-5D81-4AF5-B761-67C06FF33880}.Debug|x64.ActiveCfg = Debug|x64
		{6D757BDD-5D81-4AF5-B761-67C06FF33880}.Debug|x64.Build.0 = Debug|x64
		{6D757BDD-5D81-4AF5-B761-67C06FF33880}.Debug|x86.ActiveCfg = Debug|Win32
		{6D757BDD-5D81-4AF5-B761-67C06FF33880}.Debug|x86.Build.0 = Debug|Win32
		{6D757BDD-5D81-4AF5-B761-67C06FF33880}.Release|Any CPU.ActiveCfg = Release|x64
		{6D757BDD-5D81-4AF5-B761-67C06FF33880}.Release|Any CPU.Build.0 = Release|x64
		{6D757BDD-5D81-4AF5-B761-67C06FF33880}.Release|x64.ActiveCfg = Release|x64
		{6D757BDD-5D81-4AF5-B761-67C06FF33880}.Release|x64.Build.0 = Release|x64
		{6D757BDD-5D81-4AF5-B761-67C06FF33880}.Release|x86.ActiveCfg = Release|Win32
		{6D757BDD-5D81-4AF5-B761-67C06FF33880}.Release|x86.Build.0 = Release|Win32
		{D30E9CB2-594C-4EFC-B138-A31BFC55C864}.Debug|Any CPU.ActiveCfg = Debug|x64
		{D30E9CB2-594C-4EFC-B138-A31BFC55C864}.Debug|Any CPU.Build.0 = Debug|x64
		{D30E9CB2-594C-4EFC-B138-A31BFC55C864}.Debug|x64.ActiveCfg = Debug|x64
		{D30E9CB2-594C-4EFC-B138-A31BFC55C864}.Debug|x64.Build.0 = Debug|x64
		{D30E9CB2-594C-4EFC-B138-A31BFC55C864}.Debug|x86.ActiveCfg = Debug|Win32
		{D30E9CB2-594C-4EFC-B138-A31BFC55C864}.Debug|x86.Build.0 = Debug|Win32
		{D30E9CB2-594C-4EFC-B138-A31BFC55C864}.Release|Any CPU.ActiveCfg = Release|x64
		{D30E9CB2-594C-4EFC-B138-A31BFC55C864}.Release|Any CPU.Build.0 = Release|x64
		{D30E9CB2-594C-4EFC-B138-A31BFC55C864}.Release|x64.ActiveCfg = Release|x64
		{D30E9CB2-594C-4EFC-B138-A31BFC55C864}.Release|x64.Build.0 = Release|x64
		{D30E9CB2-594C-4EFC-B138-A31BFC55C864}.Release|x86.ActiveCfg = Release|Win32
		{D30E9CB2-594C-4EFC-B138-A31BFC55C864}.Release|x86.Build.0 = Release|Win32
		{2C647C4C-FB18-4489-B056-EEA8F3513555}.Debug|Any CPU.ActiveCfg = Debug|x64
		{2C647C4C-FB18-4489-B056-EEA8F3513555}.Debug|Any CPU.Build.0 = Debug|x64
		{2C647C4C-FB18-4489-B056-EEA8F3513555}.Debug|x64.ActiveCfg = Debug|x64
		{2C647C4C-FB18-4489-B056-EEA8F3513555}.Debug|x64.Build.0 = Debug|x64
		{2C647C4C-FB18-4489-B056-EEA8F3513555}.Debug|x86.ActiveCfg = Debug|Win32
		{2C647C4C-FB18-4489-B056-EEA8F3513555}.Debug|x86.Build.0 = Debug|Win32
		{2C647C4C-FB18-4489-B056-EEA8F3513555}.Release|Any CPU.ActiveCfg = Release|x64
		{2C647C4C-FB18-4489-B056-EEA8F3513555}.Release|Any CPU.Build.0 = Release|x64
		{2C647C4C-FB18-4489-B056-EEA8F3513555}.Release|x64.ActiveCfg = Release|x64
		{2C647C4C-FB18-4489-B056-EEA8F3513555}.Release|x64.Build.0 = Release|x64
		{2C647C4C-FB18-4489-B056-EEA8F3513555}.Release|x86.ActiveCfg = Release|Win32
		{2C647C4C-FB18-4489-B056-EEA8F3513555}.Release|x86.Build.0 = Release|Win32
		{408FB924-D8CB-43F4-9A47-2D01EB6929E0}.Debug|Any CPU.ActiveCfg = Debug|x64
		{408FB924-D8CB-43F4-9A47-2D01EB6929E0}.Debug|Any CPU.Build.0 = Debug|x64
		{408FB924-D8CB-43F4-9A47-2D01EB6929E0}.Debug|x64.ActiveCfg = Debug|x64
		{408FB924-D8CB-43F4-9A47-2D01EB6929E0}.Debug|x64.Build.0 = Debug|x64
		{408FB924-D8CB-43F4-9A47-2D01EB6929E0}.Debug|x86.ActiveCfg = Debug|Win32
		{408FB924-D8CB-43F4-9A47-2D01EB6929E0}.Debug|x86.Build.0 = Debug|Win32
		{408FB924-D8CB-43F4-9A47-2D01EB6929E0}.Release|Any CPU.ActiveCfg = Release|x64
		{408FB924-D8CB-43F4-9A47-2D01EB6929E0}.Release|Any CPU.Build.0 = Release|x64
		{408FB924-D8CB-43F4-9A47-2D01EB6929E0}.Release|x64.ActiveCfg = Release|x64
		{408FB924-D8CB-43F4-9A47-2D01EB6929E0}.Release|x64.Build.0 = Release|x64
		{408FB924-D8CB-43F4-9A47-2D01EB6929E0}.Release|x86.ActiveCfg = Release|Win32
		{408FB924-D8CB-43F4-9A47-2D01EB6929E0}.Release|x86.Build.0 = Release|Win32
		{3629F01A-6FED-42EB-B308-E9F7F1346EAF}.Debug|Any CPU.ActiveCfg = Debug|x64
		{3629F01A-6FED-42EB-B308-E9F7F1346EAF}.Debug|Any CPU.Build.0 = Debug|x64
		{3629F01A-6FED-42EB-B308-E9F7F1346EAF}.Debug|x64.ActiveCfg = Debug|x64
		{3629F01A-6FED-42EB-B308-E9F7F1346EAF}.Debug|x64.Build.0 = Debug|x64
		{3629F01A-6FED-42EB-B308-E9F7F1346EAF}.Debug|x86.ActiveCfg = Debug|Win32
		{3629F01A-6FED-42EB-B308-E9F7F1346EAF}.Debug|x86.Build.0 = Debug|Win32
		{3629F01A-6FED-42EB-B308-E9F7F1346EAF}.Release|Any CPU.ActiveCfg = Release|x64
		{3629F01A-6FED-42EB-B308-E9F7F1346EAF}.Release|Any CPU.Build.0 = Release|x64
		{3629F01A-6FED-42EB-B308-E9F7F1346EAF}.Release|x64.ActiveCfg = Release|x64
		{3629F01A-6FED-42EB-B308-E9F7F1346EAF}.Release|x64.Build.0 = Release|x64
		{3629F01A-6FED-42EB-B308-E9F7F1346EAF}.Release|x86.ActiveCfg = Release|Win32
		{3629F01A-6FED-42EB-B308-E9F7F1346EAF}.Release|x86.Build.0 = Release|Win32
		{E0B52AE7-E160-4D32-BF3F-910B785E5A8E}.Debug|Any CPU.ActiveCfg = Debug|x64
		{E0B52AE7-E160-4D32-BF3F-910B785E5A8E}.Debug|Any CPU.Build.0 = Debug|x64
		{E0B52AE7-E160-4D32-BF3F-910B785E5A8E}.Debug|x64.ActiveCfg = Debug|x64
		{E0B52AE7-E160-4D32-BF3F-910B785E5A8E}.Debug|x64.Build.0 = Debug|x64
		{E0B52AE7-E160-4D32-BF3F-910B785E5A8E}.Debug|x86.ActiveCfg = Debug|Win32
		{E0B52AE7-E160-4D32-BF3F-910B785E5A8E}.Debug|x86.Build.0 = Debug|Win32
		{E0B52AE7-E160-4D32-BF3F-910B785E5A8E}.Release|Any CPU.ActiveCfg = Release|x64
		{E0B52AE7-E160-4D32-BF3F-910B785E5A8E}.Release|Any CPU.Build.0 = Release|x64
		{E0B52AE7-E160-4D32-BF3F-910B785E5A8E}.Release|x64.ActiveCfg = Release|x64
		{E0B52AE7-E160-4D32-BF3F-910B785E5A8E}.Release|x64.Build.0 = Release|x64
		{E0B52AE7-E160-4D32-BF3F-910B785E5A8E}.Release|x86.ActiveCfg = Release|Win32
		{E0B52AE7-E160-4D32-BF3F-910B785E5A8E}.Release|x86.Build.0 = Release|Win32
		{6EE3B5AA-5702-45DA-A6F8-E60A1F74167A}.Debug|Any CPU.ActiveCfg = Debug|x64
		{6EE3B5AA-5702-45DA-A6F8-E60A1F74167A}.Debug|Any CPU.Build.0 = Debug|x64
		{6EE3B5AA-5702-45DA-A6F8-E60A1F74167A}.Debug|x64.ActiveCfg = Debug|x64
		{6EE3B5AA-5702-45DA-A6F8-E60A1F74167A}.Debug|x64.Build.0 = Debug|x64
		{6EE3B5AA-5702-45DA-A6F8-E60A1F74167A}.Debug|x86.ActiveCfg = Debug|Win32
		{6EE3B5AA-5702-45DA-A6F8-E60A1F74167A}.Debug|x86.Build.0 = Debug|Win32
		{6EE3B5AA-5702-45DA-A6F8-E60A1F74167A}.Release|Any CPU.ActiveCfg = Release|x64
		{6EE3B5AA-5702-45DA-A6F8-E60A1F74167A}.Release|Any CPU.Build.0 = Release|x64
		{6EE3B5AA-5702-45DA-A6F8-E60A1F74167A}.Release|x64.ActiveCfg = Release|x64
		{6EE3B5AA-5702-45DA-A6F8-E60A1F74167A}.Release|x64.Build.0 = Release|x64
		{6EE3B5AA-5702-45DA-A6F8-E60A1F74167A}.Release|x86.ActiveCfg = Release|Win32
		{6EE3B5AA-5702-45DA-A6F8-E60A1F74167A}.Release|x86.Build.0 = Release|Win32
		{147BBE52-A824-4178-B990-65A14EB95A03}.Debug|Any CPU.ActiveCfg = Debug|x64
		{147BBE52-A824-4178-B990-65A14EB95A03}.Debug|Any CPU.Build.0 = Debug|x64
		{147BBE52-A824-4178-B990-65A14EB95A03}.Debug|x64.ActiveCfg = Debug|x64
		{147BBE52-A824-4178-B990-65A14EB95A03}.Debug|x64.Build.0 = Debug|x64
		{147BBE52-A824-4178-B990-65A14EB95A03}.Debug|x86.ActiveCfg = Debug|Win32
		{147BBE52-A824-4178-B990-65A14EB95A03}.Debug|x86.Build.0 = Debug|Win32
		{147BBE52-A824-4178-B990-65A14EB95A03}.Release|Any CPU.ActiveCfg = Release|x64
		{147BBE52-A824-4178-B990-65A14EB95A03}.Release|Any CPU.Build.0 = Release|x64
		{147BBE52-A824-4178-B990-65A14EB95A03}.Release|x64.ActiveCfg = Release|x64
		{147BBE52-A824-4178-B990-65A14EB95A03}.Release|x64.Build.0 = Release|x64
		{147BBE52-A824-4178-B990-65A14EB95A03}.Release|x86.ActiveCfg = Release|Win32
		{147BBE52-A824-4178-B990-65A14EB95A03}.Release|x86.Build.0 = Release|Win32
		{6868D1B6-D79A-40BD-A43C-C27002FA8E1F}.Debug|Any CPU.ActiveCfg = Debug|x64
		{6868D1B6-D79A-40BD-A43C-C27002FA8E1F}.Debug|Any CPU.Build.0 = Debug|x64
		{6868D1B6-D79A-40BD-A43C-C27002FA8E1F}.Debug|x64.ActiveCfg = Debug|x64
		{6868D1B6-D79A-40BD-A43C-C27002FA8E1F}.Debug|x64.Build.0 = Debug|x64
		{6868D1B6-D79A-40BD-A43C-C27002FA8E1F}.Debug|x86.ActiveCfg = Debug|Win32
		{6868D1B6-D79A-40BD-A43C-C27002FA8E1F}.Debug|x86.Build.0 = Debug|Win32
		{6868D1B6-D79A-40BD-A43C-C27002FA8E1F}.Release|Any CPU.ActiveCfg = Release|x64
		{6868D1B6-D79A-40BD-A43C-C27002FA8E1F}.Release|Any CPU.Build.0 = Release|x64
		{6868D1B6-D79A-40BD-A43C-C27002FA8E1F}.Release|x64.ActiveCfg = Release|x64
		{6868D1B6-D79A-40BD-A43C-C27002FA8E1F}.Release|x64.Build.0 = Release|x64
		{6868D1B6-D79A-40BD-A43C-C27002FA8E1F}.Release|x86.ActiveCfg = Release|Win32
		{6868D1B6-D79A-40BD-A43C-C27002FA8E1F}.Release|x86.Build.0 = Release|Win32
		{1B4FBCCC-8597-4DD1-9386-8BEB3406A5E8}.Debug|Any CPU.ActiveCfg = Debug|x64
		{1B4FBCCC-8597-4DD1-9386-8BEB3406A5E8}.Debug|Any CPU.Build.0 = Debug|x64
		{1B4FBCCC-8597-4DD1-9386-8BEB3406A5E8}.Debug|x64.ActiveCfg = Debug|x64
		{1B4FBCCC-8597-4DD1-9386-8BEB3406A5E8}.Debug|x64.Build.0 = Debug|x64
		{1B4FBCCC-8597-4DD1-9386-8BEB3406A5E8}.Debug|x86.ActiveCfg = Debug|Win32
		{1B4FBCCC-8597-4DD1-9386-8BEB3406A5E8}.Debug|x86.Build.0 = Debug|Win32
		{1B4FBCCC-8597-4DD1-9386-8BEB3406A5E8}.Release|Any CPU.ActiveCfg = Release|x64
		{1B4FBCCC-8597-4DD1-9386-8BEB3406A5E8}.Release|Any CPU.Build.0 = Release|x64
		{1B4FBCCC-8597-4DD1-9386-8BEB3406A5E8}.Release|x64.ActiveCfg = Release|x64
		{1B4FBCCC-8597-4DD1-9386-8BEB3406A5E8}.Release|x64.Build.0 = Release|x64
		{1B4FBCCC-8597-4DD1-9386-8BEB3406A5E8}.Release|x86.ActiveCfg = Release|Win32
		{1B4FBCCC-8597-4DD1-9386-8BEB3406A5E8}.Release|x86.Build.0 = Release|Win32
		{1FAB93C6-8FDB-4326-8035-5FD04C049F4E}.Debug|Any CPU.ActiveCfg = Debug|x64
		{1FAB93C6-8FDB-4326-8035-5FD04C049F4E}.Debug|Any CPU.Build.0 = Debug|x64
		{1FAB93C6-8FDB-4326-8035-5FD04C049F4E}.Debug|x64.ActiveCfg = Debug|x64
		{1FAB93C6-8FDB-4326-8035-5FD04C049F4E}.Debug|x64.Build.0 = Debug|x64
		{1FAB93C6-8FDB-4326-8035-5FD04C049F4E}.Debug|x86.ActiveCfg = Debug|Win32
		{1FAB93C6-8FDB-4326-8035-5FD04C049F4E}.Debug|x86.Build.0 = Debug|Win32
		{1FAB93C6-8FDB-4326-8035-5FD04C049F4E}.Release|Any CPU.ActiveCfg = Release|x64
		{1FAB93C6-8FDB-4326-8035-5FD04C049F4E}.Release|Any CPU.Build.0 = Release|x64
		{1FAB93C6-8FDB-4326-8035-5FD04C049F4E}.Release|x64.ActiveCfg = Release|x64
		{1FAB93C6-8FDB-4326-8035-5FD04C049F4E}.Release|x64.Build.0 = Release|x64
		{1FAB93C6-8FDB-4326-8035-5FD04C049F4E}.Release|x86.ActiveCfg = Release|Win32
		{1FAB93C6-8FDB-4326-8035-5FD04C049F4E}.Release|x86.Build.0 = Release|Win32
		{A18FAA7A-1F8A-4AA3-BA7F-C8B6874966C6}.Debug|Any CPU.ActiveCfg = Debug|x64
		{A18FAA7A-1F8A-4AA3-BA7F-C8B6874966C6}.Debug|Any CPU.Build.0 = Debug|x64
		{A18FAA7A-1F8A-4AA3-BA7F-C8B6874966C6}.Debug|x64.ActiveCfg = Debug|x64
		{A18FAA7A-1F8A-4AA3-BA7F-C8B6874966C6}.Debug|x64.Build.0 = Debug|x64
		{A18FAA7A-1F8A-4AA3-BA7F-C8B6874966C6}.Debug|x86.ActiveCfg = Debug|Win32
		{A18FAA7A-1F8A-4AA3-BA7F-C8B6874966C6}.Debug|x86.Build.0 = Debug|Win32
		{A18FAA7A-1F8A-4AA3-BA7F-C8B6874966C6}.Release|Any CPU.ActiveCfg = Release|x64
		{A18FAA7A-1F8A-4AA3-BA7F-C8B6874966C6}.Release|Any CPU.Build.0 = Release|x64
		{A18FAA7A-1F8A-4AA3-BA7F-C8B6874966C6}.Release|x64.ActiveCfg = Release|x64
		{A18FAA7A-1F8A-4AA3-BA7F-C8B6874966C6}.Release|x64.Build.0 = Release|x64
		{A18FAA7A-1F8A-4AA3-BA7F-C8B6874966C6}.Release|x86.ActiveCfg = Release|Win32
		{A18FAA7A-1F8A-4AA3-BA7F-C8B6874966C6}.Release|x86.Build.0 = Release|Win32
		{262EDDEB-FFF7-457F-9BBD-E5B040BF7CF7}.Debug|Any CPU.ActiveCfg = Debug|x64
		{262EDDEB-FFF7-457F-9BBD-E5B040BF7CF7}.Debug|Any CPU.Build.0 = Debug|x64
		{262EDDEB-FFF7-457F-9BBD-E5B040BF7CF7}.Debug|x64.ActiveCfg = Debug|x64
		{262EDDEB-FFF7-457F-9BBD-E5B040BF7CF7}.Debug|x64.Build.0 = Debug|x64
		{262EDDEB-FFF7-457F-9BBD-E5B040BF7CF7}.Debug|x86.ActiveCfg = Debug|Win32
		{262EDDEB-FFF7-457F-9BBD-E5B040BF7CF7}.Debug|x86.Build.0 = Debug|Win32
		{262EDDEB-FFF7-457F-9BBD-E5B040BF7CF7}.Release|Any CPU.ActiveCfg = Release|x64
		{262EDDEB-FFF7-457F-9BBD-E5B040BF7CF7}.Release|Any CPU.Build.0 = Release|x64
		{262EDDEB-FFF7-457F-9BBD-E5B040BF7CF7}.Release|x64.ActiveCfg = Release|x64
		{262EDDEB-FFF7-457F-9BBD-E5B040BF7CF7}.Release|x64.Build.0 = Release|x64
		{262EDDEB-FFF7-457F-9BBD-E5B040BF7CF7}.Release|x86.ActiveCfg = Release|Win32
		{262EDDEB-FFF7-457F-9BBD-E5B040BF7CF7}.Release|x86.Build.0 = Release|Win32
		{83057423-4C3A-4F5E-957D-F9F9CBA40EA4}.Debug|Any CPU.ActiveCfg = Debug|x64
		{83057423-4C3A-4F5E-957D-F9F9CBA40EA4}.Debug|Any CPU.Build.0 = Debug|x64
		{83057423-4C3A-4F5E-957D-F9F9CBA40EA4}.Debug|x64.ActiveCfg = Debug|x64
		{83057423-4C3A-4F5E-957D-F9F9CBA40EA4}.Debug|x64.Build.0 = Debug|x64
		{83057423-4C3A-4F5E-957D-F9F9CBA40EA4}.Debug|x86.ActiveCfg = Debug|Win32
		{83057423-4C3A-4F5E-957D-F9F9CBA40EA4}.Debug|x86.Build.0 = Debug|Win32
		{83057423-4C3A-4F5E-957D-F9F9CBA40EA4}.Release|Any CPU.ActiveCfg = Release|x64
		{83057423-4C3A-4F5E-957D-F9F9CBA40EA4}.Release|Any CPU.Build.0 = Release|x64
		{83057423-4C3A-4F5E-957D-F9F9CBA40EA4}.Release|x64.ActiveCfg = Release|x64
		{83057423-4C3A-4F5E-957D-F9F9CBA40EA4}.Release|x64.Build.0 = Release|x64
		{83057423-4C3A-4F5E-957D-F9F9CBA40EA4}.Release|x86.ActiveCfg = Release|Win32
		{83057423-4C3A-4F5E-957D-F9F9CBA40EA4}.Release|x86.Build.0 = Release|Win32
		{765FEA09-5782-4B46-8AA0-27CB21AED160}.Debug|Any CPU.ActiveCfg = Debug|x64
		{765FEA09-5782-4B46-8AA0-27CB21AED160}.Debug|Any CPU.Build.0 = Debug|x64
		{765FEA09-5782-4B46-8AA0-27CB21AED160}.Debug|x64.ActiveCfg = Debug|x64
		{765FEA09-5782-4B46-8AA0-27CB21AED160}.Debug|x64.Build.0 = Debug|x64
		{765FEA09-5782-4B46-8AA0-27CB21AED160}.Debug|x86.ActiveCfg = Debug|Win32
		{765FEA09-5782-4B46-8AA0-27CB21AED160}.Debug|x86.Build.0 = Debug|Win32
		{765FEA09-5782-4B46-8AA0-27CB21AED160}.Release|Any CPU.ActiveCfg = Release|x64
		{765FEA09-5782-4B46-8AA0-27CB21AED160}.Release|Any CPU.Build.0 = Release|x64
		{765FEA09-5782-4B46-8AA0-27CB21AED160}.Release|x64.ActiveCfg = Release|x64
		{765FEA09-5782-4B46-8AA0-27CB21AED160}.Release|x64.Build.0 = Release|x64
		{765FEA09-5782-4B46-8AA0-27CB21AED160}.Release|x86.ActiveCfg = Release|Win32
		{765FEA09-5782-4B46-8AA0-27CB21AED160}.Release|x86.Build.0 = Release|Win32
		{EB97D424-7D31-42C2-9839-0D0D777757AE}.Debug|Any CPU.ActiveCfg = Debug|x64
		{EB97D424-7D31-42C2-9839-0D0D777757AE}.Debug|Any CPU.Build.0 = Debug|x64
		{EB97D424-7D31-42C2-9839-0D0D777757AE}.Debug|x64.ActiveCfg = Debug|x64
		{EB97D424-7D31-42C2-9839-0D0D777757AE}.Debug|x64.Build.0 = Debug|x64
		{EB97D424-7D31-42C2-9839-0D0D777757AE}.Debug|x86.ActiveCfg = Debug|Win32
		{EB97D424-7D31-42C2-9839-0D0D777757AE}.Debug|x86.Build.0 = Debug|Win32
		{EB97D424-7D31-42C2-9839-0D0D777757AE}.Release|Any CPU.ActiveCfg = Release|x64
		{EB97D424-7D31-42C2-9839-0D0D777757AE}.Release|Any CPU.Build.0 = Release|x64
		{EB97D424-7D31-42C2-9839-0D0D777757AE}.Release|x64.ActiveCfg = Release|x64
		{EB97D424-7D31-42C2-9839-0D0D777757AE}.Release|x64.Build.0 = Release|x64
		{EB97D424-7D31-42C2-9839-0D0D777757AE}.Release|x86.ActiveCfg = Release|Win32
		{EB97D424-7D31-42C2-9839-0D0D777757AE}.Release|x86.Build.0 = Release|Win32
		{E42B5EEF-7EE2-4539-B722-52A06F14C51C}.Debug|Any CPU.ActiveCfg = Debug|x64
		{E42B5EEF-7EE2-4539-B722-52A06F14C51C}.Debug|Any CPU.Build.0 = Debug|x64
		{E42B5EEF-7EE2-4539-B722-52A06F14C51C}.Debug|x64.ActiveCfg = Debug|x64
		{E42B5EEF-7EE2-4539-B722-52A06F14C51C}.Debug|x64.Build.0 = Debug|x64
		{E42B5EEF-7EE2-4539-B722-52A06F14C51C}.Debug|x86.ActiveCfg = Debug|Win32
		{E42B5EEF-7EE2-4539-B722-52A06F14C51C}.Debug|x86.Build.0 = Debug|Win32
		{E42B5EEF-7EE2-4539-B722-52A06F14C51C}.Release|Any CPU.ActiveCfg = Release|x64
		{E42B5EEF-7EE2-4539-B722-52A06F14C51C}.Release|Any CPU.Build.0 = Release|x64
		{E42B5EEF-7EE2-4539-B722-52A06F14C51C}.Release|x64.ActiveCfg = Release|x64
		{E42B5EEF-7EE2-4539-B722-52A06F14C51C}.Release|x64.Build.0 = Release|x64
		{E42B5EEF-7EE2-4539-B722-52A06F14C51C}.Release|x86.ActiveCfg = Release|Win32
		{E42B5EEF-7EE2-4539-B722-52A06F14C51C}.Release|x86.Build.0 = Release|Win32
		{AB905BAD-8F6B-41E1-BA0B-8433BC8DB356}.Debug|Any CPU.ActiveCfg = Debug|x64
		{AB905BAD-8F6B-41E1-BA0B-8433BC8DB356}.Debug|Any CPU.Build.0 = Debug|x64
		{AB905BAD-8F6B-41E1-BA0B-8433BC8DB356}.Debug|x64.ActiveCfg = Debug|x64
		{AB905BAD-8F6B-41E1-BA0B-8433BC8DB356}.Debug|x64.Build.0 = Debug|x64
		{AB905BAD-8F6B-41E1-BA0B-8433BC8DB356}.Debug|x86.ActiveCfg = Debug|Win32
		{AB905BAD-8F6B-41E1-BA0B-8433BC8DB356}.Debug|x86.Build.0 = Debug|Win32
		{AB905BAD-8F6B-41E1-BA0B-8433BC8DB356}.Release|Any CPU.ActiveCfg = Release|x64
		{AB905BAD-8F6B-41E1-BA0B-8433BC8DB356}.Release|Any CPU.Build.0 = Release|x64
		{AB905BAD-8F6B-41E1-BA0B-8433BC8DB356}.Release|x64.ActiveCfg = Release|x64
		{AB905BAD-8F6B-41E1-BA0B-8433BC8DB356}.Release|x64.Build.0 = Release|x64
		{AB905BAD-8F6B-41E1-BA0B-8433BC8DB356}.Release|x86.ActiveCfg = Release|Win32
		{AB905BAD-8F6B-41E1-BA0B-8433BC8DB356}.Release|x86.Build.0 = Release|Win32
		{BC852822-E8B9-412A-90A2-D757610DA120}.Debug|Any CPU.ActiveCfg = Debug|x64
		{BC852822-E8B9-412A-90A2-D757610DA120}.Debug|Any CPU.Build.0 = Debug|x64
		{BC852822-E8B9-412A-90A2-D757610DA120}.Debug|x64.ActiveCfg = Debug|x64
		{BC852822-E8B9-412A-90A2-D757610DA120}.Debug|x64.Build.0 = Debug|x64
		{BC852822-E8B9-412A-90A2-D757610DA120}.Debug|x86.ActiveCfg = Debug|Win32
		{BC852822-E8B9-412A-90A2-D757610DA120}.Debug|x86.Build.0 = Debug|Win32
		{BC852822-E8B9-412A-90A2-D757610DA120}.Release|Any CPU.ActiveCfg = Release|x64
		{BC852822-E8B9-412A-90A2-D757610DA120}.Release|Any CPU.Build.0 = Release|x64
		{BC852822-E8B9-412A-90A2-D757610DA120}.Release|x64.ActiveCfg = Release|x64
		{BC852822-E8B9-412A-90A2-D757610DA120}.Release|x64.Build.0 = Release|x64
		{BC852822-E8B9-412A-90A2-D757610DA120}.Release|x86.ActiveCfg = Release|Win32
		{BC852822-E8B9-412A-90A2-D757610DA120}.Release|x86.Build.0 = Release|Win32
		{8D9D76C5-D8B2-4038-8502-1EE8F52A7A2F}.Debug|Any CPU.ActiveCfg = Debug|x64
		{8D9D76C5-D8B2-4038-8502-1EE8F52A7A2F}.Debug|Any CPU.Build.0 = Debug|x64
		{8D9D76C5-D8B2-4038-8502-1EE8F52A7A2F}.Debug|x64.ActiveCfg = Debug|x64
		{8D9D76C5-D8B2-4038-8502-1EE8F52A7A2F}.Debug|x64.Build.0 = Debug|x64
		{8D9D76C5-D8B2-4038-8502-1EE8F52A7A2F}.Debug|x86.ActiveCfg = Debug|Win32
		{8D9D76C5-D8B2-4038-8502-1EE8F52A7A2F}.Debug|x86.Build.0 = Debug|Win32
		{8D9D76C5-D8B2-4038-8502-1EE8F52A7A2F}.Release|Any CPU.ActiveCfg = Release|x64
		{8D9D76C5-D8B2-4038-8502-1EE8F52A7A2F}.Release|Any CPU.Build.0 = Release|x64
		{8D9D76C5-D8B2-4038-8502-1EE8F52A7A2F}.Release|x64.ActiveCfg = Release|x64
		{8D9D76C5-D8B2-4038-8502-1EE8F52A7A2F}.Release|x64.Build.0 = Release|x64
		{8D9D76C5-D8B2-4038-8502-1EE8F52A7A2F}.Release|x86.ActiveCfg = Release|Win32
		{8D9D76C5-D8B2-4038-8502-1EE8F52A7A2F}.Release|x86.Build.0 = Release|Win32
		{3CCE432C-5379-42F3-94D3-DD6BBDF7B5F7}.Debug|Any CPU.ActiveCfg = Debug|x64
		{3CCE432C-5379-42F3-94D3-DD6BBDF7B5F7}.Debug|Any CPU.Build.0 = Debug|x64
		{3CCE432C-5379-42F3-94D3-DD6BBDF7B5F7}.Debug|x64.ActiveCfg = Debug|x64
		{3CCE432C-5379-42F3-94D3-DD6BBDF7B5F7}.Debug|x64.Build.0 = Debug|x64
		{3CCE432C-5379-42F3-94D3-DD6BBDF7B5F7}.Debug|x86.ActiveCfg = Debug|Win32
		{3CCE432C-5379-42F3-94D3-DD6BBDF7B5F7}.Debug|x86.Build.0 = Debug|Win32
		{3CCE432C-5379-42F3-94D3-DD6BBDF7B5F7}.Release|Any CPU.ActiveCfg = Release|x64
		{3CCE432C-5379-42F3-94D3-DD6BBDF7B5F7}.Release|Any CPU.Build.0 = Release|x64
		{3CCE432C-5379-42F3-94D3-DD6BBDF7B5F7}.Release|x64.ActiveCfg = Release|x64
		{3CCE432C-5379-42F3-94D3-DD6BBDF7B5F7}.Release|x64.Build.0 = Release|x64
		{3CCE432C-5379-42F3-94D3-DD6BBDF7B5F7}.Release|x86.ActiveCfg = Release|Win32
		{3CCE432C-5379-42F3-94D3-DD6BBDF7B5F7}.Release|x86.Build.0 = Release|Win32
		{E6FDE579-6750-4365-8B6A-7776EF1E505D}.Debug|Any CPU.ActiveCfg = Debug|x64
		{E6FDE579-6750-4365-8B6A-7776EF1E505D}.Debug|Any CPU.Build.0 = Debug|x64
		{E6FDE579-6750-4365-8B6A-7776EF1E505D}.Debug|x64.ActiveCfg = Debug|x64
		{E6FDE579-6750-4365-8B6A-7776EF1E505D}.Debug|x64.Build.0 = Debug|x64
		{E6FDE579-6750-4365-8B6A-7776EF1E505D}.Debug|x86.ActiveCfg = Debug|Win32
		{E6FDE579-6750-4365-8B6A-7776EF1E505D}.Debug|x86.Build.0 = Debug|Win32
		{E6FDE579-6750-4365-8B6A-7776EF1E505D}.Release|Any CPU.ActiveCfg = Release|x64
		{E6FDE579-6750-4365-8B6A-7776EF1E505D}.Release|Any CPU.Build.0 = Release|x64
		{E6FDE579-6750-4365-8B6A-7776EF1E505D}.Release|x64.ActiveCfg = Release|x64
		{E6FDE579-6750-4365-8B6A-7776EF1E505D}.Release|x64.Build.0 = Release|x64
		{E6FDE579-6750-4365-8B6A-7776EF1E505D}.Release|x86.ActiveCfg = Release|Win32
		{E6FDE579-6750-4365-8B6A-7776EF1E505D}.Release|x86.Build.0 = Release|Win32
		{D337A0E9-1D98-469B-9297-B18E401C8E54}.Debug|Any CPU.ActiveCfg = Debug|x64
		{D337A0E9-1D98-469B-9297-B18E401C8E54}.Debug|Any CPU.Build.0 = Debug|x64
		{D337A0E9-1D98-469B-9297-B18E401C8E54}.Debug|x64.ActiveCfg = Debug|x64
		{D337A0E9-1D98-469B-9297-B18E401C8E54}.Debug|x64.Build.0 = Debug|x64
		{D337A0E9-1D98-469B-9297-B18E401C8E54}.Debug|x86.ActiveCfg = Debug|Win32
		{D337A0E9-1D98-469B-9297-B18E401C8E54}.Debug|x86.Build.0 = Debug|Win32
		{D337A0E9-1D98-469B-9297-B18E401C8E54}.Release|Any CPU.ActiveCfg = Release|x64
		{D337A0E9-1D98-469B-9297-B18E401C8E54}.Release|Any CPU.Build.0 = Release|x64
		{D337A0E9-1D98-469B-9297-B18E401C8E54}.Release|x64.ActiveCfg = Release|x64
		{D337A0E9-1D98-469B-9297-B18E401C8E54}.Release|x64.Build.0 = Release|x64
		{D337A0E9-1D98-469B-9297-B18E401C8E54}.Release|x86.ActiveCfg = Release|Win32
		{D337A0E9-1D98-469B-9297-B18E401C8E54}.Release|x86.Build.0 = Release|Win32
		{F8E1A9BC-B2E8-4EEE-BD28-5CFADF9C17EA}.Debug|Any CPU.ActiveCfg = Debug|x64
		{F8E1A9BC-B2E8-4EEE-BD28-5CFADF9C17EA}.Debug|Any CPU.Build.0 = Debug|x64
		{F8E1A9BC-B2E8-4EEE-BD28-5CFADF9C17EA}.Debug|x64.ActiveCfg = Debug|x64
		{F8E1A9BC-B2E8-4EEE-BD28-5CFADF9C17EA}.Debug|x64.Build.0 = Debug|x64
		{F8E1A9BC-B2E8-4EEE-BD28-5CFADF9C17EA}.Debug|x86.ActiveCfg = Debug|Win32
		{F8E1A9BC-B2E8-4EEE-BD28-5CFADF9C17EA}.Debug|x86.Build.0 = Debug|Win32
		{F8E1A9BC-B2E8-4EEE-BD28-5CFADF9C17EA}.Release|Any CPU.ActiveCfg = Release|x64
		{F8E1A9BC-B2E8-4EEE-BD28-5CFADF9C17EA}.Release|Any CPU.Build.0 = Release|x64
		{F8E1A9BC-B2E8-4EEE-BD28-5CFADF9C17EA}.Release|x64.ActiveCfg = Release|x64
		{F8E1A9BC-B2E8-4EEE-BD28-5CFADF9C17EA}.Release|x64.Build.0 = Release|x64
		{F8E1A9BC-B2E8-4EEE-BD28-5CFADF9C17EA}.Release|x86.ActiveCfg = Release|Win32
		{F8E1A9BC-B2E8-4EEE-BD28-5CFADF9C17EA}.Release|x86.Build.0 = Release|Win32
		{7B437E9C-E227-400B-80DA-8B3FC6837868}.Debug|Any CPU.ActiveCfg = Debug|x64
		{7B437E9C-E227-400B-80DA-8B3FC6837868}.Debug|Any CPU.Build.0 = Debug|x64
		{7B437E9C-E227-400B-80DA-8B3FC6837868}.Debug|x64.ActiveCfg = Debug|x64
		{7B437E9C-E227-400B-80DA-8B3FC6837868}.Debug|x64.Build.0 = Debug|x64
		{7B437E9C-E227-400B-80DA-8B3FC6837868}.Debug|x86.ActiveCfg = Debug|Win32
		{7B437E9C-E227-400B-80DA-8B3FC6837868}.Debug|x86.Build.0 = Debug|Win32
		{7B437E9C-E227-400B-80DA-8B3FC6837868}.Release|Any CPU.ActiveCfg = Release|x64
		{7B437E9C-E227-400B-80DA-8B3FC6837868}.Release|Any CPU.Build.0 = Release|x64
		{7B437E9C-E227-400B-80DA-8B3FC6837868}.Release|x64.ActiveCfg = Release|x64
		{7B437E9C-E227-400B-80DA-8B3FC6837868}.Release|x64.Build.0 = Release|x64
		{7B437E9C-E227-400B-80DA-8B3FC6837868}.Release|x86.ActiveCfg = Release|Win32
		{7B437E9C-E227-400B-80DA-8B3FC6837868}.Release|x86.Build.0 = Release|Win32
		{BEC40B4F-7CEB-4255-AF44-00FDE65E1E9A}.Debug|Any CPU.ActiveCfg = Debug|x64
		{BEC40B4F-7CEB-4255-AF44-00FDE65E1E9A}.Debug|Any CPU.Build.0 = Debug|x64
		{BEC40B4F-7CEB-4255-AF44-00FDE65E1E9A}.Debug|x64.ActiveCfg = Debug|x64
		{BEC40B4F-7CEB-4255-AF44-00FDE65E1E9A}.Debug|x64.Build.0 = Debug|x64
		{BEC40B4F-7CEB-4255-AF44-00FDE65E1E9A}.Debug|x86.ActiveCfg = Debug|Win32
		{BEC40B4F-7CEB-4255-AF44-00FDE65E1E9A}.Debug|x86.Build.0 = Debug|Win32
		{BEC40B4F-7CEB-4255-AF44-00FDE65E1E9A}.Release|Any CPU.ActiveCfg = Release|x64
		{BEC40B4F-7CEB-4255-AF44-00FDE65E1E9A}.Release|Any CPU.Build.0 = Release|x64
		{BEC40B4F-7CEB-4255-AF44-00FDE65E1E9A}.Release|x64.ActiveCfg = Release|x64
		{BEC40B4F-7CEB-4255-AF44-00FDE65E1E9A}.Release|x64.Build.0 = Release|x64
		{BEC40B4F-7CEB-4255-AF44-00FDE65E1E9A}.Release|x86.ActiveCfg = Release|Win32
		{BEC40B4F-7CEB-4255-AF44-00FDE65E1E9A}.Release|x86.Build.0 = Release|Win32
		{ABDCC1A4-0AE2-4D8B-A809-CDB0295608D4}.Debug|Any CPU.ActiveCfg = Debug|Any CPU
		{ABDCC1A4-0AE2-4D8B-A809-CDB0295608D4}.Debug|Any CPU.Build.0 = Debug|Any CPU
		{ABDCC1A4-0AE2-4D8B-A809-CDB0295608D4}.Debug|x64.ActiveCfg = Debug|Any CPU
		{ABDCC1A4-0AE2-4D8B-A809-CDB0295608D4}.Debug|x64.Build.0 = Debug|Any CPU
		{ABDCC1A4-0AE2-4D8B-A809-CDB0295608D4}.Debug|x86.ActiveCfg = Debug|Any CPU
		{ABDCC1A4-0AE2-4D8B-A809-CDB0295608D4}.Debug|x86.Build.0 = Debug|Any CPU
		{ABDCC1A4-0AE2-4D8B-A809-CDB0295608D4}.Release|Any CPU.ActiveCfg = Release|Any CPU
		{ABDCC1A4-0AE2-4D8B-A809-CDB0295608D4}.Release|Any CPU.Build.0 = Release|Any CPU
		{ABDCC1A4-0AE2-4D8B-A809-CDB0295608D4}.Release|x64.ActiveCfg = Release|Any CPU
		{ABDCC1A4-0AE2-4D8B-A809-CDB0295608D4}.Release|x64.Build.0 = Release|Any CPU
		{ABDCC1A4-0AE2-4D8B-A809-CDB0295608D4}.Release|x86.ActiveCfg = Release|Any CPU
		{ABDCC1A4-0AE2-4D8B-A809-CDB0295608D4}.Release|x86.Build.0 = Release|Any CPU
		{5BE4CC60-2D5D-4F68-AF7E-61ADBD5A1B9B}.Debug|Any CPU.ActiveCfg = Debug|Any CPU
		{5BE4CC60-2D5D-4F68-AF7E-61ADBD5A1B9B}.Debug|Any CPU.Build.0 = Debug|Any CPU
		{5BE4CC60-2D5D-4F68-AF7E-61ADBD5A1B9B}.Debug|x64.ActiveCfg = Debug|Any CPU
		{5BE4CC60-2D5D-4F68-AF7E-61ADBD5A1B9B}.Debug|x64.Build.0 = Debug|Any CPU
		{5BE4CC60-2D5D-4F68-AF7E-61ADBD5A1B9B}.Debug|x86.ActiveCfg = Debug|Any CPU
		{5BE4CC60-2D5D-4F68-AF7E-61ADBD5A1B9B}.Debug|x86.Build.0 = Debug|Any CPU
		{5BE4CC60-2D5D-4F68-AF7E-61ADBD5A1B9B}.Release|Any CPU.ActiveCfg = Release|Any CPU
		{5BE4CC60-2D5D-4F68-AF7E-61ADBD5A1B9B}.Release|Any CPU.Build.0 = Release|Any CPU
		{5BE4CC60-2D5D-4F68-AF7E-61ADBD5A1B9B}.Release|x64.ActiveCfg = Release|Any CPU
		{5BE4CC60-2D5D-4F68-AF7E-61ADBD5A1B9B}.Release|x64.Build.0 = Release|Any CPU
		{5BE4CC60-2D5D-4F68-AF7E-61ADBD5A1B9B}.Release|x86.ActiveCfg = Release|Any CPU
		{5BE4CC60-2D5D-4F68-AF7E-61ADBD5A1B9B}.Release|x86.Build.0 = Release|Any CPU
		{6D129F5D-6F9F-4A4D-8D50-14FC4424A3CF}.Debug|Any CPU.ActiveCfg = Debug|x64
		{6D129F5D-6F9F-4A4D-8D50-14FC4424A3CF}.Debug|Any CPU.Build.0 = Debug|x64
		{6D129F5D-6F9F-4A4D-8D50-14FC4424A3CF}.Debug|x64.ActiveCfg = Debug|x64
		{6D129F5D-6F9F-4A4D-8D50-14FC4424A3CF}.Debug|x64.Build.0 = Debug|x64
		{6D129F5D-6F9F-4A4D-8D50-14FC4424A3CF}.Debug|x86.ActiveCfg = Debug|Win32
		{6D129F5D-6F9F-4A4D-8D50-14FC4424A3CF}.Debug|x86.Build.0 = Debug|Win32
		{6D129F5D-6F9F-4A4D-8D50-14FC4424A3CF}.Release|Any CPU.ActiveCfg = Release|x64
		{6D129F5D-6F9F-4A4D-8D50-14FC4424A3CF}.Release|Any CPU.Build.0 = Release|x64
		{6D129F5D-6F9F-4A4D-8D50-14FC4424A3CF}.Release|x64.ActiveCfg = Release|x64
		{6D129F5D-6F9F-4A4D-8D50-14FC4424A3CF}.Release|x64.Build.0 = Release|x64
		{6D129F5D-6F9F-4A4D-8D50-14FC4424A3CF}.Release|x86.ActiveCfg = Release|Win32
		{6D129F5D-6F9F-4A4D-8D50-14FC4424A3CF}.Release|x86.Build.0 = Release|Win32
		{424DD30D-5745-4F02-B54E-D9CE188E5E3E}.Debug|Any CPU.ActiveCfg = Debug|x64
		{424DD30D-5745-4F02-B54E-D9CE188E5E3E}.Debug|Any CPU.Build.0 = Debug|x64
		{424DD30D-5745-4F02-B54E-D9CE188E5E3E}.Debug|x64.ActiveCfg = Debug|x64
		{424DD30D-5745-4F02-B54E-D9CE188E5E3E}.Debug|x64.Build.0 = Debug|x64
		{424DD30D-5745-4F02-B54E-D9CE188E5E3E}.Debug|x86.ActiveCfg = Debug|Win32
		{424DD30D-5745-4F02-B54E-D9CE188E5E3E}.Debug|x86.Build.0 = Debug|Win32
		{424DD30D-5745-4F02-B54E-D9CE188E5E3E}.Release|Any CPU.ActiveCfg = Release|x64
		{424DD30D-5745-4F02-B54E-D9CE188E5E3E}.Release|Any CPU.Build.0 = Release|x64
		{424DD30D-5745-4F02-B54E-D9CE188E5E3E}.Release|x64.ActiveCfg = Release|x64
		{424DD30D-5745-4F02-B54E-D9CE188E5E3E}.Release|x64.Build.0 = Release|x64
		{424DD30D-5745-4F02-B54E-D9CE188E5E3E}.Release|x86.ActiveCfg = Release|Win32
		{424DD30D-5745-4F02-B54E-D9CE188E5E3E}.Release|x86.Build.0 = Release|Win32
		{4F150A30-CECB-49D1-8283-6A3F57438CF5}.Debug|Any CPU.ActiveCfg = Debug|x64
		{4F150A30-CECB-49D1-8283-6A3F57438CF5}.Debug|Any CPU.Build.0 = Debug|x64
		{4F150A30-CECB-49D1-8283-6A3F57438CF5}.Debug|x64.ActiveCfg = Debug|x64
		{4F150A30-CECB-49D1-8283-6A3F57438CF5}.Debug|x64.Build.0 = Debug|x64
		{4F150A30-CECB-49D1-8283-6A3F57438CF5}.Debug|x86.ActiveCfg = Debug|Win32
		{4F150A30-CECB-49D1-8283-6A3F57438CF5}.Debug|x86.Build.0 = Debug|Win32
		{4F150A30-CECB-49D1-8283-6A3F57438CF5}.Release|Any CPU.ActiveCfg = Release|x64
		{4F150A30-CECB-49D1-8283-6A3F57438CF5}.Release|Any CPU.Build.0 = Release|x64
		{4F150A30-CECB-49D1-8283-6A3F57438CF5}.Release|x64.ActiveCfg = Release|x64
		{4F150A30-CECB-49D1-8283-6A3F57438CF5}.Release|x64.Build.0 = Release|x64
		{4F150A30-CECB-49D1-8283-6A3F57438CF5}.Release|x86.ActiveCfg = Release|Win32
		{4F150A30-CECB-49D1-8283-6A3F57438CF5}.Release|x86.Build.0 = Release|Win32
		{0D034612-14E2-44E7-993A-72344A2CA7BD}.Debug|Any CPU.ActiveCfg = Debug|x64
		{0D034612-14E2-44E7-993A-72344A2CA7BD}.Debug|Any CPU.Build.0 = Debug|x64
		{0D034612-14E2-44E7-993A-72344A2CA7BD}.Debug|x64.ActiveCfg = Debug|x64
		{0D034612-14E2-44E7-993A-72344A2CA7BD}.Debug|x64.Build.0 = Debug|x64
		{0D034612-14E2-44E7-993A-72344A2CA7BD}.Debug|x86.ActiveCfg = Debug|Win32
		{0D034612-14E2-44E7-993A-72344A2CA7BD}.Debug|x86.Build.0 = Debug|Win32
		{0D034612-14E2-44E7-993A-72344A2CA7BD}.Release|Any CPU.ActiveCfg = Release|x64
		{0D034612-14E2-44E7-993A-72344A2CA7BD}.Release|Any CPU.Build.0 = Release|x64
		{0D034612-14E2-44E7-993A-72344A2CA7BD}.Release|x64.ActiveCfg = Release|x64
		{0D034612-14E2-44E7-993A-72344A2CA7BD}.Release|x64.Build.0 = Release|x64
		{0D034612-14E2-44E7-993A-72344A2CA7BD}.Release|x86.ActiveCfg = Release|Win32
		{0D034612-14E2-44E7-993A-72344A2CA7BD}.Release|x86.Build.0 = Release|Win32
		{3A6CD03A-98E2-4114-902F-9CCD934BEA6A}.Debug|Any CPU.ActiveCfg = Debug|x64
		{3A6CD03A-98E2-4114-902F-9CCD934BEA6A}.Debug|Any CPU.Build.0 = Debug|x64
		{3A6CD03A-98E2-4114-902F-9CCD934BEA6A}.Debug|x64.ActiveCfg = Debug|x64
		{3A6CD03A-98E2-4114-902F-9CCD934BEA6A}.Debug|x64.Build.0 = Debug|x64
		{3A6CD03A-98E2-4114-902F-9CCD934BEA6A}.Debug|x86.ActiveCfg = Debug|Win32
		{3A6CD03A-98E2-4114-902F-9CCD934BEA6A}.Debug|x86.Build.0 = Debug|Win32
		{3A6CD03A-98E2-4114-902F-9CCD934BEA6A}.Release|Any CPU.ActiveCfg = Release|x64
		{3A6CD03A-98E2-4114-902F-9CCD934BEA6A}.Release|Any CPU.Build.0 = Release|x64
		{3A6CD03A-98E2-4114-902F-9CCD934BEA6A}.Release|x64.ActiveCfg = Release|x64
		{3A6CD03A-98E2-4114-902F-9CCD934BEA6A}.Release|x64.Build.0 = Release|x64
		{3A6CD03A-98E2-4114-902F-9CCD934BEA6A}.Release|x86.ActiveCfg = Release|Win32
		{3A6CD03A-98E2-4114-902F-9CCD934BEA6A}.Release|x86.Build.0 = Release|Win32
		{FFDBFC29-C80A-44D6-86AB-526F392C20F2}.Debug|Any CPU.ActiveCfg = Debug|x64
		{FFDBFC29-C80A-44D6-86AB-526F392C20F2}.Debug|Any CPU.Build.0 = Debug|x64
		{FFDBFC29-C80A-44D6-86AB-526F392C20F2}.Debug|x64.ActiveCfg = Debug|x64
		{FFDBFC29-C80A-44D6-86AB-526F392C20F2}.Debug|x64.Build.0 = Debug|x64
		{FFDBFC29-C80A-44D6-86AB-526F392C20F2}.Debug|x86.ActiveCfg = Debug|Win32
		{FFDBFC29-C80A-44D6-86AB-526F392C20F2}.Debug|x86.Build.0 = Debug|Win32
		{FFDBFC29-C80A-44D6-86AB-526F392C20F2}.Release|Any CPU.ActiveCfg = Release|x64
		{FFDBFC29-C80A-44D6-86AB-526F392C20F2}.Release|Any CPU.Build.0 = Release|x64
		{FFDBFC29-C80A-44D6-86AB-526F392C20F2}.Release|x64.ActiveCfg = Release|x64
		{FFDBFC29-C80A-44D6-86AB-526F392C20F2}.Release|x64.Build.0 = Release|x64
		{FFDBFC29-C80A-44D6-86AB-526F392C20F2}.Release|x86.ActiveCfg = Release|Win32
		{FFDBFC29-C80A-44D6-86AB-526F392C20F2}.Release|x86.Build.0 = Release|Win32
		{81CBB51B-20FE-4203-99D9-930DC886E91A}.Debug|Any CPU.ActiveCfg = Debug|x64
		{81CBB51B-20FE-4203-99D9-930DC886E91A}.Debug|Any CPU.Build.0 = Debug|x64
		{81CBB51B-20FE-4203-99D9-930DC886E91A}.Debug|x64.ActiveCfg = Debug|x64
		{81CBB51B-20FE-4203-99D9-930DC886E91A}.Debug|x64.Build.0 = Debug|x64
		{81CBB51B-20FE-4203-99D9-930DC886E91A}.Debug|x86.ActiveCfg = Debug|Win32
		{81CBB51B-20FE-4203-99D9-930DC886E91A}.Debug|x86.Build.0 = Debug|Win32
		{81CBB51B-20FE-4203-99D9-930DC886E91A}.Release|Any CPU.ActiveCfg = Release|x64
		{81CBB51B-20FE-4203-99D9-930DC886E91A}.Release|Any CPU.Build.0 = Release|x64
		{81CBB51B-20FE-4203-99D9-930DC886E91A}.Release|x64.ActiveCfg = Release|x64
		{81CBB51B-20FE-4203-99D9-930DC886E91A}.Release|x64.Build.0 = Release|x64
		{81CBB51B-20FE-4203-99D9-930DC886E91A}.Release|x86.ActiveCfg = Release|Win32
		{81CBB51B-20FE-4203-99D9-930DC886E91A}.Release|x86.Build.0 = Release|Win32
		{AC930126-849E-4014-9C8D-D5ABA8C61E02}.Debug|Any CPU.ActiveCfg = Debug|x64
		{AC930126-849E-4014-9C8D-D5ABA8C61E02}.Debug|Any CPU.Build.0 = Debug|x64
		{AC930126-849E-4014-9C8D-D5ABA8C61E02}.Debug|x64.ActiveCfg = Debug|x64
		{AC930126-849E-4014-9C8D-D5ABA8C61E02}.Debug|x64.Build.0 = Debug|x64
		{AC930126-849E-4014-9C8D-D5ABA8C61E02}.Debug|x86.ActiveCfg = Debug|Win32
		{AC930126-849E-4014-9C8D-D5ABA8C61E02}.Debug|x86.Build.0 = Debug|Win32
		{AC930126-849E-4014-9C8D-D5ABA8C61E02}.Release|Any CPU.ActiveCfg = Release|x64
		{AC930126-849E-4014-9C8D-D5ABA8C61E02}.Release|Any CPU.Build.0 = Release|x64
		{AC930126-849E-4014-9C8D-D5ABA8C61E02}.Release|x64.ActiveCfg = Release|x64
		{AC930126-849E-4014-9C8D-D5ABA8C61E02}.Release|x64.Build.0 = Release|x64
		{AC930126-849E-4014-9C8D-D5ABA8C61E02}.Release|x86.ActiveCfg = Release|Win32
		{AC930126-849E-4014-9C8D-D5ABA8C61E02}.Release|x86.Build.0 = Release|Win32
		{D794ABAB-F1FE-4BF7-ABB6-A8DE9785B600}.Debug|Any CPU.ActiveCfg = Debug|x64
		{D794ABAB-F1FE-4BF7-ABB6-A8DE9785B600}.Debug|Any CPU.Build.0 = Debug|x64
		{D794ABAB-F1FE-4BF7-ABB6-A8DE9785B600}.Debug|x64.ActiveCfg = Debug|x64
		{D794ABAB-F1FE-4BF7-ABB6-A8DE9785B600}.Debug|x64.Build.0 = Debug|x64
		{D794ABAB-F1FE-4BF7-ABB6-A8DE9785B600}.Debug|x86.ActiveCfg = Debug|Win32
		{D794ABAB-F1FE-4BF7-ABB6-A8DE9785B600}.Debug|x86.Build.0 = Debug|Win32
		{D794ABAB-F1FE-4BF7-ABB6-A8DE9785B600}.Release|Any CPU.ActiveCfg = Release|x64
		{D794ABAB-F1FE-4BF7-ABB6-A8DE9785B600}.Release|Any CPU.Build.0 = Release|x64
		{D794ABAB-F1FE-4BF7-ABB6-A8DE9785B600}.Release|x64.ActiveCfg = Release|x64
		{D794ABAB-F1FE-4BF7-ABB6-A8DE9785B600}.Release|x64.Build.0 = Release|x64
		{D794ABAB-F1FE-4BF7-ABB6-A8DE9785B600}.Release|x86.ActiveCfg = Release|Win32
		{D794ABAB-F1FE-4BF7-ABB6-A8DE9785B600}.Release|x86.Build.0 = Release|Win32
		{90E08840-2B93-4C43-B366-F0EC8836A8F9}.Debug|Any CPU.ActiveCfg = Debug|x64
		{90E08840-2B93-4C43-B366-F0EC8836A8F9}.Debug|Any CPU.Build.0 = Debug|x64
		{90E08840-2B93-4C43-B366-F0EC8836A8F9}.Debug|x64.ActiveCfg = Debug|x64
		{90E08840-2B93-4C43-B366-F0EC8836A8F9}.Debug|x64.Build.0 = Debug|x64
		{90E08840-2B93-4C43-B366-F0EC8836A8F9}.Debug|x86.ActiveCfg = Debug|Win32
		{90E08840-2B93-4C43-B366-F0EC8836A8F9}.Debug|x86.Build.0 = Debug|Win32
		{90E08840-2B93-4C43-B366-F0EC8836A8F9}.Release|Any CPU.ActiveCfg = Release|x64
		{90E08840-2B93-4C43-B366-F0EC8836A8F9}.Release|Any CPU.Build.0 = Release|x64
		{90E08840-2B93-4C43-B366-F0EC8836A8F9}.Release|x64.ActiveCfg = Release|x64
		{90E08840-2B93-4C43-B366-F0EC8836A8F9}.Release|x64.Build.0 = Release|x64
		{90E08840-2B93-4C43-B366-F0EC8836A8F9}.Release|x86.ActiveCfg = Release|Win32
		{90E08840-2B93-4C43-B366-F0EC8836A8F9}.Release|x86.Build.0 = Release|Win32
		{516192EB-788A-4FE7-B2B7-2EF9AC036B12}.Debug|Any CPU.ActiveCfg = Debug|Win32
		{516192EB-788A-4FE7-B2B7-2EF9AC036B12}.Debug|x64.ActiveCfg = Debug|x64
		{516192EB-788A-4FE7-B2B7-2EF9AC036B12}.Debug|x64.Build.0 = Debug|x64
		{516192EB-788A-4FE7-B2B7-2EF9AC036B12}.Debug|x86.ActiveCfg = Debug|Win32
		{516192EB-788A-4FE7-B2B7-2EF9AC036B12}.Debug|x86.Build.0 = Debug|Win32
		{516192EB-788A-4FE7-B2B7-2EF9AC036B12}.Release|Any CPU.ActiveCfg = Release|Win32
		{516192EB-788A-4FE7-B2B7-2EF9AC036B12}.Release|x64.ActiveCfg = Release|x64
		{516192EB-788A-4FE7-B2B7-2EF9AC036B12}.Release|x64.Build.0 = Release|x64
		{516192EB-788A-4FE7-B2B7-2EF9AC036B12}.Release|x86.ActiveCfg = Release|Win32
		{516192EB-788A-4FE7-B2B7-2EF9AC036B12}.Release|x86.Build.0 = Release|Win32
		{7867102F-E12A-4E73-8F51-47128D280533}.Debug|Any CPU.ActiveCfg = Debug|x64
		{7867102F-E12A-4E73-8F51-47128D280533}.Debug|Any CPU.Build.0 = Debug|x64
		{7867102F-E12A-4E73-8F51-47128D280533}.Debug|x64.ActiveCfg = Debug|x64
		{7867102F-E12A-4E73-8F51-47128D280533}.Debug|x64.Build.0 = Debug|x64
		{7867102F-E12A-4E73-8F51-47128D280533}.Debug|x86.ActiveCfg = Debug|Win32
		{7867102F-E12A-4E73-8F51-47128D280533}.Debug|x86.Build.0 = Debug|Win32
		{7867102F-E12A-4E73-8F51-47128D280533}.Release|Any CPU.ActiveCfg = Release|x64
		{7867102F-E12A-4E73-8F51-47128D280533}.Release|Any CPU.Build.0 = Release|x64
		{7867102F-E12A-4E73-8F51-47128D280533}.Release|x64.ActiveCfg = Release|x64
		{7867102F-E12A-4E73-8F51-47128D280533}.Release|x64.Build.0 = Release|x64
		{7867102F-E12A-4E73-8F51-47128D280533}.Release|x86.ActiveCfg = Release|Win32
		{7867102F-E12A-4E73-8F51-47128D280533}.Release|x86.Build.0 = Release|Win32
		{F26DA2B1-E855-4080-BB96-5D5BE753FCC0}.Debug|Any CPU.ActiveCfg = Debug|Any CPU
		{F26DA2B1-E855-4080-BB96-5D5BE753FCC0}.Debug|Any CPU.Build.0 = Debug|Any CPU
		{F26DA2B1-E855-4080-BB96-5D5BE753FCC0}.Debug|x64.ActiveCfg = Debug|Any CPU
		{F26DA2B1-E855-4080-BB96-5D5BE753FCC0}.Debug|x64.Build.0 = Debug|Any CPU
		{F26DA2B1-E855-4080-BB96-5D5BE753FCC0}.Debug|x86.ActiveCfg = Debug|Any CPU
		{F26DA2B1-E855-4080-BB96-5D5BE753FCC0}.Debug|x86.Build.0 = Debug|Any CPU
		{F26DA2B1-E855-4080-BB96-5D5BE753FCC0}.Release|Any CPU.ActiveCfg = Release|Any CPU
		{F26DA2B1-E855-4080-BB96-5D5BE753FCC0}.Release|Any CPU.Build.0 = Release|Any CPU
		{F26DA2B1-E855-4080-BB96-5D5BE753FCC0}.Release|x64.ActiveCfg = Release|Any CPU
		{F26DA2B1-E855-4080-BB96-5D5BE753FCC0}.Release|x64.Build.0 = Release|Any CPU
		{F26DA2B1-E855-4080-BB96-5D5BE753FCC0}.Release|x86.ActiveCfg = Release|Any CPU
		{F26DA2B1-E855-4080-BB96-5D5BE753FCC0}.Release|x86.Build.0 = Release|Any CPU
		{C72AA0CE-F191-4934-8CC4-3045EFFD9946}.Debug|Any CPU.ActiveCfg = Debug|x64
		{C72AA0CE-F191-4934-8CC4-3045EFFD9946}.Debug|Any CPU.Build.0 = Debug|x64
		{C72AA0CE-F191-4934-8CC4-3045EFFD9946}.Debug|x64.ActiveCfg = Debug|x64
		{C72AA0CE-F191-4934-8CC4-3045EFFD9946}.Debug|x64.Build.0 = Debug|x64
		{C72AA0CE-F191-4934-8CC4-3045EFFD9946}.Debug|x86.ActiveCfg = Debug|Win32
		{C72AA0CE-F191-4934-8CC4-3045EFFD9946}.Debug|x86.Build.0 = Debug|Win32
		{C72AA0CE-F191-4934-8CC4-3045EFFD9946}.Release|Any CPU.ActiveCfg = Release|x64
		{C72AA0CE-F191-4934-8CC4-3045EFFD9946}.Release|Any CPU.Build.0 = Release|x64
		{C72AA0CE-F191-4934-8CC4-3045EFFD9946}.Release|x64.ActiveCfg = Release|x64
		{C72AA0CE-F191-4934-8CC4-3045EFFD9946}.Release|x64.Build.0 = Release|x64
		{C72AA0CE-F191-4934-8CC4-3045EFFD9946}.Release|x86.ActiveCfg = Release|Win32
		{C72AA0CE-F191-4934-8CC4-3045EFFD9946}.Release|x86.Build.0 = Release|Win32
	EndGlobalSection
	GlobalSection(SolutionProperties) = preSolution
		HideSolutionNode = FALSE
	EndGlobalSection
	GlobalSection(NestedProjects) = preSolution
		{8729ACC6-DAC0-4D68-9C96-3B9FE71611C9} = {743C8115-2B75-4778-AD34-ABAAB1D299E3}
		{19AA6610-CC34-4B2C-9CF3-CF2502901F07} = {121F5A9D-9226-4A6B-8F66-6132209DD4B4}
		{6C840EB3-B863-407E-A551-366E0E1BB5BF} = {743C8115-2B75-4778-AD34-ABAAB1D299E3}
		{EC902E62-2830-4A65-A9E8-A6F525DCF0A8} = {D7FE4624-3703-41E0-8586-702E9F74B8FD}
		{F882AAB9-4D8B-4867-B5F9-CCD6A145095F} = {121F5A9D-9226-4A6B-8F66-6132209DD4B4}
		{31CF8178-8C13-48E1-9807-4FA6B00243CD} = {D3847760-CCB4-4EC7-8415-620CAC5AC48D}
		{6D757BDD-5D81-4AF5-B761-67C06FF33880} = {743C8115-2B75-4778-AD34-ABAAB1D299E3}
		{D30E9CB2-594C-4EFC-B138-A31BFC55C864} = {121F5A9D-9226-4A6B-8F66-6132209DD4B4}
		{2C647C4C-FB18-4489-B056-EEA8F3513555} = {121F5A9D-9226-4A6B-8F66-6132209DD4B4}
		{A64BD2BB-4ADD-45CF-A8B7-30778E9B71CD} = {5B129719-F770-4750-AE36-22C8B5A26D8E}
		{408FB924-D8CB-43F4-9A47-2D01EB6929E0} = {121F5A9D-9226-4A6B-8F66-6132209DD4B4}
		{3629F01A-6FED-42EB-B308-E9F7F1346EAF} = {743C8115-2B75-4778-AD34-ABAAB1D299E3}
		{E0B52AE7-E160-4D32-BF3F-910B785E5A8E} = {A18C2188-3601-4749-9950-809D946B8520}
		{6EE3B5AA-5702-45DA-A6F8-E60A1F74167A} = {121F5A9D-9226-4A6B-8F66-6132209DD4B4}
		{147BBE52-A824-4178-B990-65A14EB95A03} = {121F5A9D-9226-4A6B-8F66-6132209DD4B4}
		{6868D1B6-D79A-40BD-A43C-C27002FA8E1F} = {121F5A9D-9226-4A6B-8F66-6132209DD4B4}
		{1B4FBCCC-8597-4DD1-9386-8BEB3406A5E8} = {121F5A9D-9226-4A6B-8F66-6132209DD4B4}
		{1FAB93C6-8FDB-4326-8035-5FD04C049F4E} = {A18C2188-3601-4749-9950-809D946B8520}
		{A18FAA7A-1F8A-4AA3-BA7F-C8B6874966C6} = {88EB61AC-1D26-424E-839A-AED33A2A8BEF}
		{262EDDEB-FFF7-457F-9BBD-E5B040BF7CF7} = {88EB61AC-1D26-424E-839A-AED33A2A8BEF}
		{83057423-4C3A-4F5E-957D-F9F9CBA40EA4} = {88EB61AC-1D26-424E-839A-AED33A2A8BEF}
		{765FEA09-5782-4B46-8AA0-27CB21AED160} = {88EB61AC-1D26-424E-839A-AED33A2A8BEF}
		{EB97D424-7D31-42C2-9839-0D0D777757AE} = {88EB61AC-1D26-424E-839A-AED33A2A8BEF}
		{E42B5EEF-7EE2-4539-B722-52A06F14C51C} = {6AADFEB4-B4C6-4DA1-A5DD-CDAE4B4134EC}
		{AB905BAD-8F6B-41E1-BA0B-8433BC8DB356} = {88EB61AC-1D26-424E-839A-AED33A2A8BEF}
		{BC852822-E8B9-412A-90A2-D757610DA120} = {88EB61AC-1D26-424E-839A-AED33A2A8BEF}
		{8D9D76C5-D8B2-4038-8502-1EE8F52A7A2F} = {88EB61AC-1D26-424E-839A-AED33A2A8BEF}
		{3CCE432C-5379-42F3-94D3-DD6BBDF7B5F7} = {41C46CC0-A2D8-4ABD-920A-83FF64B03D6F}
		{E6FDE579-6750-4365-8B6A-7776EF1E505D} = {41C46CC0-A2D8-4ABD-920A-83FF64B03D6F}
		{D337A0E9-1D98-469B-9297-B18E401C8E54} = {743C8115-2B75-4778-AD34-ABAAB1D299E3}
		{F8E1A9BC-B2E8-4EEE-BD28-5CFADF9C17EA} = {41C46CC0-A2D8-4ABD-920A-83FF64B03D6F}
		{7B437E9C-E227-400B-80DA-8B3FC6837868} = {D7FE4624-3703-41E0-8586-702E9F74B8FD}
		{1996BA5E-CA20-4255-93A8-C97D9E5110E4} = {5B129719-F770-4750-AE36-22C8B5A26D8E}
		{BEC40B4F-7CEB-4255-AF44-00FDE65E1E9A} = {EA4F8682-DF97-40A6-B26D-F1FD74D2AC77}
		{ABDCC1A4-0AE2-4D8B-A809-CDB0295608D4} = {6AADFEB4-B4C6-4DA1-A5DD-CDAE4B4134EC}
		{5BE4CC60-2D5D-4F68-AF7E-61ADBD5A1B9B} = {6AADFEB4-B4C6-4DA1-A5DD-CDAE4B4134EC}
		{6D129F5D-6F9F-4A4D-8D50-14FC4424A3CF} = {FC821FF4-AD08-44EE-B20C-6E1E001C600E}
		{DFEE8655-98E1-41A4-9DF3-C3B7351FC037} = {5B129719-F770-4750-AE36-22C8B5A26D8E}
		{424DD30D-5745-4F02-B54E-D9CE188E5E3E} = {FC821FF4-AD08-44EE-B20C-6E1E001C600E}
		{4F150A30-CECB-49D1-8283-6A3F57438CF5} = {A18C2188-3601-4749-9950-809D946B8520}
		{0D034612-14E2-44E7-993A-72344A2CA7BD} = {A18C2188-3601-4749-9950-809D946B8520}
		{3A6CD03A-98E2-4114-902F-9CCD934BEA6A} = {743C8115-2B75-4778-AD34-ABAAB1D299E3}
		{FFDBFC29-C80A-44D6-86AB-526F392C20F2} = {41C46CC0-A2D8-4ABD-920A-83FF64B03D6F}
		{81CBB51B-20FE-4203-99D9-930DC886E91A} = {41C46CC0-A2D8-4ABD-920A-83FF64B03D6F}
		{AC930126-849E-4014-9C8D-D5ABA8C61E02} = {41C46CC0-A2D8-4ABD-920A-83FF64B03D6F}
		{D794ABAB-F1FE-4BF7-ABB6-A8DE9785B600} = {EA4F8682-DF97-40A6-B26D-F1FD74D2AC77}
		{90E08840-2B93-4C43-B366-F0EC8836A8F9} = {743C8115-2B75-4778-AD34-ABAAB1D299E3}
		{516192EB-788A-4FE7-B2B7-2EF9AC036B12} = {A18C2188-3601-4749-9950-809D946B8520}
		{7867102F-E12A-4E73-8F51-47128D280533} = {EA4F8682-DF97-40A6-B26D-F1FD74D2AC77}
		{F26DA2B1-E855-4080-BB96-5D5BE753FCC0} = {6AADFEB4-B4C6-4DA1-A5DD-CDAE4B4134EC}
		{C72AA0CE-F191-4934-8CC4-3045EFFD9946} = {743C8115-2B75-4778-AD34-ABAAB1D299E3}
	EndGlobalSection
	GlobalSection(ExtensibilityGlobals) = postSolution
		SolutionGuid = {2072C838-18C9-4A2C-92CB-CFCB229E399D}
	EndGlobalSection
EndGlobal
