<?xml version="1.0" encoding="utf-8"?>
<Project ToolsVersion="4.0" xmlns="http://schemas.microsoft.com/developer/msbuild/2003">
  <ItemGroup>
    <Filter Include="Game">
      <UniqueIdentifier>{f1bc26a4-5a8f-4ffb-ba02-502c59978f73}</UniqueIdentifier>
    </Filter>
    <Filter Include="Components">
      <UniqueIdentifier>{6833ce74-d1f8-4aef-bc46-85964ac2a058}</UniqueIdentifier>
    </Filter>
    <Filter Include="Other">
      <UniqueIdentifier>{c31f13ba-95c8-4974-8f72-d19672537d2b}</UniqueIdentifier>
    </Filter>
    <Filter Include="Components\WorldBuilding">
      <UniqueIdentifier>{3e12c041-a09b-40da-b013-8f4a4d933f61}</UniqueIdentifier>
    </Filter>
    <Filter Include="Components\Player">
      <UniqueIdentifier>{9cf49dba-efe4-49ed-882c-ee86df049d71}</UniqueIdentifier>
    </Filter>
  </ItemGroup>
  <ItemGroup>
    <ClCompile Include="GameState.cpp">
      <Filter>Game</Filter>
    </ClCompile>
    <ClCompile Include="WinMain.cpp">
      <Filter>Game</Filter>
    </ClCompile>
    <ClCompile Include="TextureAnimatorComponent.cpp">
      <Filter>Components\WorldBuilding</Filter>
    </ClCompile>
    <ClCompile Include="PlayerControllerComponent.cpp">
      <Filter>Components\Player</Filter>
    </ClCompile>
  </ItemGroup>
  <ItemGroup>
    <ClInclude Include="GameState.h">
      <Filter>Game</Filter>
    </ClInclude>
    <ClInclude Include="TextureAnimatorComponent.h">
      <Filter>Components\WorldBuilding</Filter>
    </ClInclude>
    <ClInclude Include="TypeIds.h">
      <Filter>Other</Filter>
    </ClInclude>
    <ClInclude Include="PlayerControllerComponent.h">
      <Filter>Components\Player</Filter>
    </ClInclude>
  </ItemGroup>
</Project>